// !$*UTF8*$!
{
	archiveVersion = 1;
	classes = {
	};
	objectVersion = 50;
	objects = {

/* Begin PBXBuildFile section */
		4D00926121E4E2DB00EF179C /* ShowAllVC.swift in Sources */ = {isa = PBXBuildFile; fileRef = 4D00926021E4E2DB00EF179C /* ShowAllVC.swift */; };
		4D01052D21E78E3800CDC17B /* ShowAllCell.swift in Sources */ = {isa = PBXBuildFile; fileRef = 4D01052C21E78E3800CDC17B /* ShowAllCell.swift */; };
		4D01053321E7932300CDC17B /* launchSplash.json in Resources */ = {isa = PBXBuildFile; fileRef = 4D01053221E7932300CDC17B /* launchSplash.json */; };
		4D01053721E7B88900CDC17B /* splash_ios.json in Resources */ = {isa = PBXBuildFile; fileRef = 4D01053621E7B88900CDC17B /* splash_ios.json */; };
		4D01053921E7BB2900CDC17B /* Main.storyboard in Resources */ = {isa = PBXBuildFile; fileRef = 4D01053821E7BB2900CDC17B /* Main.storyboard */; };
		4D2B85FF21D4642A00268906 /* LoginVC.swift in Sources */ = {isa = PBXBuildFile; fileRef = 4D2B85FE21D4642A00268906 /* LoginVC.swift */; };
		4D39CA0A21DC6F180092CD9C /* genderSelection.swift in Sources */ = {isa = PBXBuildFile; fileRef = 4D39CA0921DC6F180092CD9C /* genderSelection.swift */; };
		4D39CA0E21DCD2F80092CD9C /* PlusVC.swift in Sources */ = {isa = PBXBuildFile; fileRef = 4D39CA0D21DCD2F80092CD9C /* PlusVC.swift */; };
		4D3CAC3621E68BDD00FE700E /* TodayFeed.swift in Sources */ = {isa = PBXBuildFile; fileRef = 4D3CAC3521E68BDD00FE700E /* TodayFeed.swift */; };
		4D7E1BFA21E34E0800CA7942 /* JoinCreateVC.swift in Sources */ = {isa = PBXBuildFile; fileRef = 4D7E1BF921E34E0800CA7942 /* JoinCreateVC.swift */; };
		4D7E1C2821E4948C00CA7942 /* LaunchVC.swift in Sources */ = {isa = PBXBuildFile; fileRef = 4D7E1C2721E4948C00CA7942 /* LaunchVC.swift */; };
		4DB0CD3821D60D3C00105EAE /* TodayFeedVC.swift in Sources */ = {isa = PBXBuildFile; fileRef = 4DB0CD3721D60D3C00105EAE /* TodayFeedVC.swift */; };
		4DB0CD3A21D62E3800105EAE /* PostFullVC.swift in Sources */ = {isa = PBXBuildFile; fileRef = 4DB0CD3921D62E3800105EAE /* PostFullVC.swift */; };
		4DC7111E21DCFA04001FACB6 /* PlusData.swift in Sources */ = {isa = PBXBuildFile; fileRef = 4DC7111D21DCFA04001FACB6 /* PlusData.swift */; };
		4DC7112021DD07D0001FACB6 /* PlusVersionVC.swift in Sources */ = {isa = PBXBuildFile; fileRef = 4DC7111F21DD07D0001FACB6 /* PlusVersionVC.swift */; };
		4DC7112221DD07F0001FACB6 /* PlusProfileEditVC.swift in Sources */ = {isa = PBXBuildFile; fileRef = 4DC7112121DD07F0001FACB6 /* PlusProfileEditVC.swift */; };
		4DC7112421DD086B001FACB6 /* PlusAccountSecurityVC.swift in Sources */ = {isa = PBXBuildFile; fileRef = 4DC7112321DD086B001FACB6 /* PlusAccountSecurityVC.swift */; };
		4DC7112621DD08C5001FACB6 /* PlusAlertSettingVC.swift in Sources */ = {isa = PBXBuildFile; fileRef = 4DC7112521DD08C5001FACB6 /* PlusAlertSettingVC.swift */; };
		4DC7112821DD0F51001FACB6 /* CustomNavigationBar.swift in Sources */ = {isa = PBXBuildFile; fileRef = 4DC7112721DD0F51001FACB6 /* CustomNavigationBar.swift */; };
		4DD94D3021D495800098C7A2 /* IntroduceVC.swift in Sources */ = {isa = PBXBuildFile; fileRef = 4DD94D2F21D495800098C7A2 /* IntroduceVC.swift */; };
		4DF54A5821DB92A40081B9C7 /* JoinCreateEnterVC.swift in Sources */ = {isa = PBXBuildFile; fileRef = 4DF54A5721DB92A40081B9C7 /* JoinCreateEnterVC.swift */; };
		4DF54A5A21DB92C10081B9C7 /* JoinEnterVC.swift in Sources */ = {isa = PBXBuildFile; fileRef = 4DF54A5921DB92C10081B9C7 /* JoinEnterVC.swift */; };
		4DF78BC421D8B488004D2D62 /* JoinAgreementVC.swift in Sources */ = {isa = PBXBuildFile; fileRef = 4DF78BC321D8B488004D2D62 /* JoinAgreementVC.swift */; };
		4DF78BC621D8B5C8004D2D62 /* UIView+Bordered.swift in Sources */ = {isa = PBXBuildFile; fileRef = 4DF78BC521D8B5C8004D2D62 /* UIView+Bordered.swift */; };
		4DF78BC821D8BA84004D2D62 /* JoinCellPhoneVC.swift in Sources */ = {isa = PBXBuildFile; fileRef = 4DF78BC721D8BA84004D2D62 /* JoinCellPhoneVC.swift */; };
		4DF78BCA21D8BC95004D2D62 /* JoinPersonalInfoVC.swift in Sources */ = {isa = PBXBuildFile; fileRef = 4DF78BC921D8BC95004D2D62 /* JoinPersonalInfoVC.swift */; };
		9B0372F321E27C6F003F0C8E /* UploadPostVC.swift in Sources */ = {isa = PBXBuildFile; fileRef = 9B0372F221E27C6F003F0C8E /* UploadPostVC.swift */; };
		9B0417C721E1E024000FB0D4 /* Sign_Model.swift in Sources */ = {isa = PBXBuildFile; fileRef = 9B0417C621E1E024000FB0D4 /* Sign_Model.swift */; };
		9B04F0BE21E10EC500457181 /* GroupService.swift in Sources */ = {isa = PBXBuildFile; fileRef = 9B04F0BD21E10EC500457181 /* GroupService.swift */; };
		9B04F0C021E1138900457181 /* Today_Photo.swift in Sources */ = {isa = PBXBuildFile; fileRef = 9B04F0BF21E1138900457181 /* Today_Photo.swift */; };
		9B04F0C221E114BF00457181 /* Today_Contents.swift in Sources */ = {isa = PBXBuildFile; fileRef = 9B04F0C121E114BF00457181 /* Today_Contents.swift */; };
		9B04F0C421E1153300457181 /* Today_Content.swift in Sources */ = {isa = PBXBuildFile; fileRef = 9B04F0C321E1153300457181 /* Today_Content.swift */; };
		9B04F0C621E1187100457181 /* Today_Comment.swift in Sources */ = {isa = PBXBuildFile; fileRef = 9B04F0C521E1187100457181 /* Today_Comment.swift */; };
		9B04F0C821E1190600457181 /* Today_Comments_Model.swift in Sources */ = {isa = PBXBuildFile; fileRef = 9B04F0C721E1190600457181 /* Today_Comments_Model.swift */; };
		9B04F0CA21E119C100457181 /* Calendar_individual.swift in Sources */ = {isa = PBXBuildFile; fileRef = 9B04F0C921E119C100457181 /* Calendar_individual.swift */; };
		9B04F0CC21E11A1600457181 /* Calendar_family.swift in Sources */ = {isa = PBXBuildFile; fileRef = 9B04F0CB21E11A1600457181 /* Calendar_family.swift */; };
		9B04F0CE21E11A5F00457181 /* Calendar_anniversary.swift in Sources */ = {isa = PBXBuildFile; fileRef = 9B04F0CD21E11A5F00457181 /* Calendar_anniversary.swift */; };
		9B04F0D021E11AE500457181 /* Calendar_Month.swift in Sources */ = {isa = PBXBuildFile; fileRef = 9B04F0CF21E11AE500457181 /* Calendar_Month.swift */; };
		9B04F0D221E11BF200457181 /* Today_Feel.swift in Sources */ = {isa = PBXBuildFile; fileRef = 9B04F0D121E11BF200457181 /* Today_Feel.swift */; };
		9B04F0D421E11C3A00457181 /* Today_Feel_Types.swift in Sources */ = {isa = PBXBuildFile; fileRef = 9B04F0D321E11C3A00457181 /* Today_Feel_Types.swift */; };
		9B0592AC21DBC07400F390DA /* AnniversaryData.swift in Sources */ = {isa = PBXBuildFile; fileRef = 9B0592AB21DBC07400F390DA /* AnniversaryData.swift */; };
		9B064F9421DC7B9000AEF947 /* CalendarSearchCell.swift in Sources */ = {isa = PBXBuildFile; fileRef = 9B064F9321DC7B9000AEF947 /* CalendarSearchCell.swift */; };
		9B064F9821DC82DD00AEF947 /* CalendarSearchTV.swift in Sources */ = {isa = PBXBuildFile; fileRef = 9B064F9721DC82DD00AEF947 /* CalendarSearchTV.swift */; };
		9B096B0521D465A500442A68 /* TodayFeedCell.swift in Sources */ = {isa = PBXBuildFile; fileRef = 9B096B0421D465A500442A68 /* TodayFeedCell.swift */; };
		9B096B0721D465B300442A68 /* PostReplyCell.swift in Sources */ = {isa = PBXBuildFile; fileRef = 9B096B0621D465B300442A68 /* PostReplyCell.swift */; };
		9B096B1321D4B75B00442A68 /* StatisticCell.swift in Sources */ = {isa = PBXBuildFile; fileRef = 9B096B1221D4B75B00442A68 /* StatisticCell.swift */; };
		9B096B1521D4B76C00442A68 /* NoticeCell.swift in Sources */ = {isa = PBXBuildFile; fileRef = 9B096B1421D4B76C00442A68 /* NoticeCell.swift */; };
		9B096B1F21D4B81200442A68 /* FamilyCell.swift in Sources */ = {isa = PBXBuildFile; fileRef = 9B096B1E21D4B81200442A68 /* FamilyCell.swift */; };
		9B09D63821DDB4F100AE1E6F /* InviteCodeVC.swift in Sources */ = {isa = PBXBuildFile; fileRef = 9B09D63721DDB4F100AE1E6F /* InviteCodeVC.swift */; };
		9B09D63E21DE0F5A00AE1E6F /* UIImage+imageFromUrl.swift in Sources */ = {isa = PBXBuildFile; fileRef = 9B09D63D21DE0F5A00AE1E6F /* UIImage+imageFromUrl.swift */; };
		9B09D64021DE0FA400AE1E6F /* NetworkResult.swift in Sources */ = {isa = PBXBuildFile; fileRef = 9B09D63F21DE0FA400AE1E6F /* NetworkResult.swift */; };
		9B09D64221DE0FB900AE1E6F /* APIManager.swift in Sources */ = {isa = PBXBuildFile; fileRef = 9B09D64121DE0FB900AE1E6F /* APIManager.swift */; };
		9B09D64521DE0FD600AE1E6F /* Requestable.swift in Sources */ = {isa = PBXBuildFile; fileRef = 9B09D64421DE0FD600AE1E6F /* Requestable.swift */; };
		9B09D64721DE104300AE1E6F /* LoginService.swift in Sources */ = {isa = PBXBuildFile; fileRef = 9B09D64621DE104300AE1E6F /* LoginService.swift */; };
		9B09D64921DE105400AE1E6F /* SignService.swift in Sources */ = {isa = PBXBuildFile; fileRef = 9B09D64821DE105400AE1E6F /* SignService.swift */; };
		9B09D65021DE161100AE1E6F /* ResponseObject.swift in Sources */ = {isa = PBXBuildFile; fileRef = 9B09D64F21DE161100AE1E6F /* ResponseObject.swift */; };
		9B09D65221DE167300AE1E6F /* ResponseArray.swift in Sources */ = {isa = PBXBuildFile; fileRef = 9B09D65121DE167300AE1E6F /* ResponseArray.swift */; };
		9B09D65421DE16C100AE1E6F /* Token.swift in Sources */ = {isa = PBXBuildFile; fileRef = 9B09D65321DE16C100AE1E6F /* Token.swift */; };
		9B09D65621DE1F5E00AE1E6F /* UIViewController+Extension.swift in Sources */ = {isa = PBXBuildFile; fileRef = 9B09D65521DE1F5E00AE1E6F /* UIViewController+Extension.swift */; };
		9B09D65821DE1FFC00AE1E6F /* TodayService.swift in Sources */ = {isa = PBXBuildFile; fileRef = 9B09D65721DE1FFC00AE1E6F /* TodayService.swift */; };
		9B0DE9B921CF550E0020371E /* CalendarCell.swift in Sources */ = {isa = PBXBuildFile; fileRef = 9B0DE9B821CF550E0020371E /* CalendarCell.swift */; };
		9B0DE9BB21CF56360020371E /* CalendarVC.swift in Sources */ = {isa = PBXBuildFile; fileRef = 9B0DE9BA21CF56360020371E /* CalendarVC.swift */; };
		9B1A63FD21D0DD5D003F236F /* CalendarPopVC.swift in Sources */ = {isa = PBXBuildFile; fileRef = 9B1A63FC21D0DD5D003F236F /* CalendarPopVC.swift */; };
		9B2BCA0C21D5F53400FDF211 /* weekCalendarCell.swift in Sources */ = {isa = PBXBuildFile; fileRef = 9B2BCA0B21D5F53400FDF211 /* weekCalendarCell.swift */; };
		9B32102121D6322200995ADD /* NoticeTableCell.swift in Sources */ = {isa = PBXBuildFile; fileRef = 9B32102021D6322200995ADD /* NoticeTableCell.swift */; };
		9B32102521D6341B00995ADD /* NoticeModel.swift in Sources */ = {isa = PBXBuildFile; fileRef = 9B32102421D6341B00995ADD /* NoticeModel.swift */; };
		9B41DB4A21DB530700FC6ED6 /* addAnniversaryCell.swift in Sources */ = {isa = PBXBuildFile; fileRef = 9B41DB4921DB530700FC6ED6 /* addAnniversaryCell.swift */; };
		9B41DB4C21DB531600FC6ED6 /* listAnniversaryCell.swift in Sources */ = {isa = PBXBuildFile; fileRef = 9B41DB4B21DB531600FC6ED6 /* listAnniversaryCell.swift */; };
		9B41DB4E21DB532D00FC6ED6 /* marriageAnniversaryCell.swift in Sources */ = {isa = PBXBuildFile; fileRef = 9B41DB4D21DB532D00FC6ED6 /* marriageAnniversaryCell.swift */; };
		9B41DB5021DB544B00FC6ED6 /* AnniversaryVC.swift in Sources */ = {isa = PBXBuildFile; fileRef = 9B41DB4F21DB544B00FC6ED6 /* AnniversaryVC.swift */; };
		9B42BFF821E2F5EE00DFF0D9 /* CalendarService.swift in Sources */ = {isa = PBXBuildFile; fileRef = 9B42BFF721E2F5EE00DFF0D9 /* CalendarService.swift */; };
		9B42BFFA21E31C3E00DFF0D9 /* HomeService.swift in Sources */ = {isa = PBXBuildFile; fileRef = 9B42BFF921E31C3E00DFF0D9 /* HomeService.swift */; };
		9B42BFFC21E31EAA00DFF0D9 /* AnniversaryService.swift in Sources */ = {isa = PBXBuildFile; fileRef = 9B42BFFB21E31EAA00DFF0D9 /* AnniversaryService.swift */; };
		9B42C00021E32B6100DFF0D9 /* CommentService.swift in Sources */ = {isa = PBXBuildFile; fileRef = 9B42BFFF21E32B6100DFF0D9 /* CommentService.swift */; };
		9B42C00221E334BC00DFF0D9 /* Group_code.swift in Sources */ = {isa = PBXBuildFile; fileRef = 9B42C00121E334BC00DFF0D9 /* Group_code.swift */; };
		9B42C00421E3381100DFF0D9 /* PhotoService.swift in Sources */ = {isa = PBXBuildFile; fileRef = 9B42C00321E3381100DFF0D9 /* PhotoService.swift */; };
		9B42C00621E3390800DFF0D9 /* Photo.swift in Sources */ = {isa = PBXBuildFile; fileRef = 9B42C00521E3390800DFF0D9 /* Photo.swift */; };
		9B42C00821E38DF000DFF0D9 /* FirebaseDataService.swift in Sources */ = {isa = PBXBuildFile; fileRef = 9B42C00721E38DF000DFF0D9 /* FirebaseDataService.swift */; };
		9B42C00A21E38FAF00DFF0D9 /* ChatModel.swift in Sources */ = {isa = PBXBuildFile; fileRef = 9B42C00921E38FAF00DFF0D9 /* ChatModel.swift */; };
		9B42C00C21E3972A00DFF0D9 /* ChatMessageCell.swift in Sources */ = {isa = PBXBuildFile; fileRef = 9B42C00B21E3972A00DFF0D9 /* ChatMessageCell.swift */; };
		9B42C00E21E44B9600DFF0D9 /* CountModel.swift in Sources */ = {isa = PBXBuildFile; fileRef = 9B42C00D21E44B9600DFF0D9 /* CountModel.swift */; };
		9B42C01021E4B39900DFF0D9 /* UserService.swift in Sources */ = {isa = PBXBuildFile; fileRef = 9B42C00F21E4B39900DFF0D9 /* UserService.swift */; };
		9B453ECD21CDFD3A001BD091 /* AppDelegate.swift in Sources */ = {isa = PBXBuildFile; fileRef = 9B453ECC21CDFD3A001BD091 /* AppDelegate.swift */; };
		9B453ED421CDFD3B001BD091 /* Assets.xcassets in Resources */ = {isa = PBXBuildFile; fileRef = 9B453ED321CDFD3B001BD091 /* Assets.xcassets */; };
		9B453EDF21CDFDFA001BD091 /* Today.storyboard in Resources */ = {isa = PBXBuildFile; fileRef = 9B453EDE21CDFDFA001BD091 /* Today.storyboard */; };
		9B453EE121CDFEF9001BD091 /* HomeBoard.storyboard in Resources */ = {isa = PBXBuildFile; fileRef = 9B453EE021CDFEF9001BD091 /* HomeBoard.storyboard */; };
		9B453EE521CE014B001BD091 /* PlusBoard.storyboard in Resources */ = {isa = PBXBuildFile; fileRef = 9B453EE421CE014B001BD091 /* PlusBoard.storyboard */; };
		9B453EE721CE01EA001BD091 /* ChatBoard.storyboard in Resources */ = {isa = PBXBuildFile; fileRef = 9B453EE621CE01EA001BD091 /* ChatBoard.storyboard */; };
		9B497AB821D0A4D200182C41 /* CalendarHeader.swift in Sources */ = {isa = PBXBuildFile; fileRef = 9B497AB721D0A4D200182C41 /* CalendarHeader.swift */; };
		9B5CC5FC21D9D972001261C8 /* CalendarListPopupVC.swift in Sources */ = {isa = PBXBuildFile; fileRef = 9B5CC5FB21D9D972001261C8 /* CalendarListPopupVC.swift */; };
		9B6A647221D32D24004A3F5C /* CalendarAddVC.swift in Sources */ = {isa = PBXBuildFile; fileRef = 9B6A647121D32D24004A3F5C /* CalendarAddVC.swift */; };
		9B6A647421D34A34004A3F5C /* ChatVC.swift in Sources */ = {isa = PBXBuildFile; fileRef = 9B6A647321D34A34004A3F5C /* ChatVC.swift */; };
		9B7C211F21E07B8E0058B456 /* CalendarBoard.storyboard in Resources */ = {isa = PBXBuildFile; fileRef = 9B7C211E21E07B8E0058B456 /* CalendarBoard.storyboard */; };
		9B7C212121E084CD0058B456 /* GoogleService-Info.plist in Resources */ = {isa = PBXBuildFile; fileRef = 9B7C212021E084CD0058B456 /* GoogleService-Info.plist */; };
		9BC0589721E73B2000B6D8A2 /* ToastView.swift in Sources */ = {isa = PBXBuildFile; fileRef = 9BC0589621E73B2000B6D8A2 /* ToastView.swift */; };
		9BC0589921E7697200B6D8A2 /* appAgreementVC.swift in Sources */ = {isa = PBXBuildFile; fileRef = 9BC0589821E7697200B6D8A2 /* appAgreementVC.swift */; };
		9BC0589B21E76A0600B6D8A2 /* userAgreementVC.swift in Sources */ = {isa = PBXBuildFile; fileRef = 9BC0589A21E76A0600B6D8A2 /* userAgreementVC.swift */; };
		9BC0589F21E7BB0300B6D8A2 /* ProtocolFile.swift in Sources */ = {isa = PBXBuildFile; fileRef = 9BC0589E21E7BB0300B6D8A2 /* ProtocolFile.swift */; };
		9BD13B1021DB872D00A3688F /* CalendarListCell.swift in Sources */ = {isa = PBXBuildFile; fileRef = 9BD13B0F21DB872D00A3688F /* CalendarListCell.swift */; };
		9BD13B1221DBB32100A3688F /* CalendarData.swift in Sources */ = {isa = PBXBuildFile; fileRef = 9BD13B1121DBB32100A3688F /* CalendarData.swift */; };
		9BD13B1421DBB3BE00A3688F /* TodayData.swift in Sources */ = {isa = PBXBuildFile; fileRef = 9BD13B1321DBB3BE00A3688F /* TodayData.swift */; };
		9BEFFFC821D4F21C007B2167 /* HomeCollectionVC.swift in Sources */ = {isa = PBXBuildFile; fileRef = 9BEFFFC721D4F21C007B2167 /* HomeCollectionVC.swift */; };
		9BF2B93D21E878FE00ADD721 /* MissionService.swift in Sources */ = {isa = PBXBuildFile; fileRef = 9BF2B93C21E878FE00ADD721 /* MissionService.swift */; };
		9BF2B93F21E8796A00ADD721 /* Mission_Model.swift in Sources */ = {isa = PBXBuildFile; fileRef = 9BF2B93E21E8796A00ADD721 /* Mission_Model.swift */; };
		9BF705AD21D8631800212766 /* FamilyModel.swift in Sources */ = {isa = PBXBuildFile; fileRef = 9BF705AC21D8631800212766 /* FamilyModel.swift */; };
		DEE6578A84EAEF66E576579A /* Pods_flower.framework in Frameworks */ = {isa = PBXBuildFile; fileRef = 7DC8C9A652200A9722099FC8 /* Pods_flower.framework */; };
/* End PBXBuildFile section */

/* Begin PBXFileReference section */
		1DC72B2586455B4A66386592 /* Pods-flower.debug.xcconfig */ = {isa = PBXFileReference; includeInIndex = 1; lastKnownFileType = text.xcconfig; name = "Pods-flower.debug.xcconfig"; path = "Pods/Target Support Files/Pods-flower/Pods-flower.debug.xcconfig"; sourceTree = "<group>"; };
		4D00926021E4E2DB00EF179C /* ShowAllVC.swift */ = {isa = PBXFileReference; lastKnownFileType = sourcecode.swift; path = ShowAllVC.swift; sourceTree = "<group>"; };
		4D01052C21E78E3800CDC17B /* ShowAllCell.swift */ = {isa = PBXFileReference; lastKnownFileType = sourcecode.swift; path = ShowAllCell.swift; sourceTree = "<group>"; };
		4D01053221E7932300CDC17B /* launchSplash.json */ = {isa = PBXFileReference; fileEncoding = 4; lastKnownFileType = text.json; path = launchSplash.json; sourceTree = "<group>"; };
		4D01053621E7B88900CDC17B /* splash_ios.json */ = {isa = PBXFileReference; fileEncoding = 4; lastKnownFileType = text.json; path = splash_ios.json; sourceTree = "<group>"; };
		4D01053821E7BB2900CDC17B /* Main.storyboard */ = {isa = PBXFileReference; fileEncoding = 4; lastKnownFileType = file.storyboard; path = Main.storyboard; sourceTree = "<group>"; };
		4D2B85FE21D4642A00268906 /* LoginVC.swift */ = {isa = PBXFileReference; lastKnownFileType = sourcecode.swift; path = LoginVC.swift; sourceTree = "<group>"; };
		4D39CA0921DC6F180092CD9C /* genderSelection.swift */ = {isa = PBXFileReference; lastKnownFileType = sourcecode.swift; path = genderSelection.swift; sourceTree = "<group>"; };
		4D39CA0D21DCD2F80092CD9C /* PlusVC.swift */ = {isa = PBXFileReference; lastKnownFileType = sourcecode.swift; path = PlusVC.swift; sourceTree = "<group>"; };
		4D3CAC3521E68BDD00FE700E /* TodayFeed.swift */ = {isa = PBXFileReference; lastKnownFileType = sourcecode.swift; path = TodayFeed.swift; sourceTree = "<group>"; };
		4D7E1BF921E34E0800CA7942 /* JoinCreateVC.swift */ = {isa = PBXFileReference; lastKnownFileType = sourcecode.swift; path = JoinCreateVC.swift; sourceTree = "<group>"; };
		4D7E1C2721E4948C00CA7942 /* LaunchVC.swift */ = {isa = PBXFileReference; lastKnownFileType = sourcecode.swift; path = LaunchVC.swift; sourceTree = "<group>"; };
		4DB0CD3721D60D3C00105EAE /* TodayFeedVC.swift */ = {isa = PBXFileReference; lastKnownFileType = sourcecode.swift; path = TodayFeedVC.swift; sourceTree = "<group>"; };
		4DB0CD3921D62E3800105EAE /* PostFullVC.swift */ = {isa = PBXFileReference; lastKnownFileType = sourcecode.swift; path = PostFullVC.swift; sourceTree = "<group>"; };
		4DC7111D21DCFA04001FACB6 /* PlusData.swift */ = {isa = PBXFileReference; lastKnownFileType = sourcecode.swift; path = PlusData.swift; sourceTree = "<group>"; };
		4DC7111F21DD07D0001FACB6 /* PlusVersionVC.swift */ = {isa = PBXFileReference; lastKnownFileType = sourcecode.swift; path = PlusVersionVC.swift; sourceTree = "<group>"; };
		4DC7112121DD07F0001FACB6 /* PlusProfileEditVC.swift */ = {isa = PBXFileReference; lastKnownFileType = sourcecode.swift; path = PlusProfileEditVC.swift; sourceTree = "<group>"; };
		4DC7112321DD086B001FACB6 /* PlusAccountSecurityVC.swift */ = {isa = PBXFileReference; lastKnownFileType = sourcecode.swift; path = PlusAccountSecurityVC.swift; sourceTree = "<group>"; };
		4DC7112521DD08C5001FACB6 /* PlusAlertSettingVC.swift */ = {isa = PBXFileReference; lastKnownFileType = sourcecode.swift; path = PlusAlertSettingVC.swift; sourceTree = "<group>"; };
		4DC7112721DD0F51001FACB6 /* CustomNavigationBar.swift */ = {isa = PBXFileReference; lastKnownFileType = sourcecode.swift; path = CustomNavigationBar.swift; sourceTree = "<group>"; };
		4DD94D2F21D495800098C7A2 /* IntroduceVC.swift */ = {isa = PBXFileReference; lastKnownFileType = sourcecode.swift; path = IntroduceVC.swift; sourceTree = "<group>"; };
		4DF54A5721DB92A40081B9C7 /* JoinCreateEnterVC.swift */ = {isa = PBXFileReference; lastKnownFileType = sourcecode.swift; path = JoinCreateEnterVC.swift; sourceTree = "<group>"; };
		4DF54A5921DB92C10081B9C7 /* JoinEnterVC.swift */ = {isa = PBXFileReference; lastKnownFileType = sourcecode.swift; path = JoinEnterVC.swift; sourceTree = "<group>"; };
		4DF78BC321D8B488004D2D62 /* JoinAgreementVC.swift */ = {isa = PBXFileReference; lastKnownFileType = sourcecode.swift; path = JoinAgreementVC.swift; sourceTree = "<group>"; };
		4DF78BC521D8B5C8004D2D62 /* UIView+Bordered.swift */ = {isa = PBXFileReference; lastKnownFileType = sourcecode.swift; path = "UIView+Bordered.swift"; sourceTree = "<group>"; };
		4DF78BC721D8BA84004D2D62 /* JoinCellPhoneVC.swift */ = {isa = PBXFileReference; lastKnownFileType = sourcecode.swift; path = JoinCellPhoneVC.swift; sourceTree = "<group>"; };
		4DF78BC921D8BC95004D2D62 /* JoinPersonalInfoVC.swift */ = {isa = PBXFileReference; lastKnownFileType = sourcecode.swift; path = JoinPersonalInfoVC.swift; sourceTree = "<group>"; };
		58057E6AEF37FA8CF625DD85 /* Pods-flower.release.xcconfig */ = {isa = PBXFileReference; includeInIndex = 1; lastKnownFileType = text.xcconfig; name = "Pods-flower.release.xcconfig"; path = "Pods/Target Support Files/Pods-flower/Pods-flower.release.xcconfig"; sourceTree = "<group>"; };
		7DC8C9A652200A9722099FC8 /* Pods_flower.framework */ = {isa = PBXFileReference; explicitFileType = wrapper.framework; includeInIndex = 0; path = Pods_flower.framework; sourceTree = BUILT_PRODUCTS_DIR; };
		9B0372F221E27C6F003F0C8E /* UploadPostVC.swift */ = {isa = PBXFileReference; lastKnownFileType = sourcecode.swift; path = UploadPostVC.swift; sourceTree = "<group>"; };
		9B0417C621E1E024000FB0D4 /* Sign_Model.swift */ = {isa = PBXFileReference; lastKnownFileType = sourcecode.swift; path = Sign_Model.swift; sourceTree = "<group>"; };
		9B04F0BD21E10EC500457181 /* GroupService.swift */ = {isa = PBXFileReference; lastKnownFileType = sourcecode.swift; path = GroupService.swift; sourceTree = "<group>"; };
		9B04F0BF21E1138900457181 /* Today_Photo.swift */ = {isa = PBXFileReference; lastKnownFileType = sourcecode.swift; path = Today_Photo.swift; sourceTree = "<group>"; };
		9B04F0C121E114BF00457181 /* Today_Contents.swift */ = {isa = PBXFileReference; lastKnownFileType = sourcecode.swift; path = Today_Contents.swift; sourceTree = "<group>"; };
		9B04F0C321E1153300457181 /* Today_Content.swift */ = {isa = PBXFileReference; lastKnownFileType = sourcecode.swift; path = Today_Content.swift; sourceTree = "<group>"; };
		9B04F0C521E1187100457181 /* Today_Comment.swift */ = {isa = PBXFileReference; lastKnownFileType = sourcecode.swift; path = Today_Comment.swift; sourceTree = "<group>"; };
		9B04F0C721E1190600457181 /* Today_Comments_Model.swift */ = {isa = PBXFileReference; lastKnownFileType = sourcecode.swift; path = Today_Comments_Model.swift; sourceTree = "<group>"; };
		9B04F0C921E119C100457181 /* Calendar_individual.swift */ = {isa = PBXFileReference; lastKnownFileType = sourcecode.swift; path = Calendar_individual.swift; sourceTree = "<group>"; };
		9B04F0CB21E11A1600457181 /* Calendar_family.swift */ = {isa = PBXFileReference; lastKnownFileType = sourcecode.swift; path = Calendar_family.swift; sourceTree = "<group>"; };
		9B04F0CD21E11A5F00457181 /* Calendar_anniversary.swift */ = {isa = PBXFileReference; lastKnownFileType = sourcecode.swift; path = Calendar_anniversary.swift; sourceTree = "<group>"; };
		9B04F0CF21E11AE500457181 /* Calendar_Month.swift */ = {isa = PBXFileReference; lastKnownFileType = sourcecode.swift; path = Calendar_Month.swift; sourceTree = "<group>"; };
		9B04F0D121E11BF200457181 /* Today_Feel.swift */ = {isa = PBXFileReference; lastKnownFileType = sourcecode.swift; path = Today_Feel.swift; sourceTree = "<group>"; };
		9B04F0D321E11C3A00457181 /* Today_Feel_Types.swift */ = {isa = PBXFileReference; lastKnownFileType = sourcecode.swift; path = Today_Feel_Types.swift; sourceTree = "<group>"; };
		9B0592AB21DBC07400F390DA /* AnniversaryData.swift */ = {isa = PBXFileReference; lastKnownFileType = sourcecode.swift; path = AnniversaryData.swift; sourceTree = "<group>"; };
		9B064F9321DC7B9000AEF947 /* CalendarSearchCell.swift */ = {isa = PBXFileReference; lastKnownFileType = sourcecode.swift; path = CalendarSearchCell.swift; sourceTree = "<group>"; };
		9B064F9721DC82DD00AEF947 /* CalendarSearchTV.swift */ = {isa = PBXFileReference; lastKnownFileType = sourcecode.swift; path = CalendarSearchTV.swift; sourceTree = "<group>"; };
		9B096B0421D465A500442A68 /* TodayFeedCell.swift */ = {isa = PBXFileReference; lastKnownFileType = sourcecode.swift; path = TodayFeedCell.swift; sourceTree = "<group>"; };
		9B096B0621D465B300442A68 /* PostReplyCell.swift */ = {isa = PBXFileReference; lastKnownFileType = sourcecode.swift; path = PostReplyCell.swift; sourceTree = "<group>"; };
		9B096B1221D4B75B00442A68 /* StatisticCell.swift */ = {isa = PBXFileReference; lastKnownFileType = sourcecode.swift; path = StatisticCell.swift; sourceTree = "<group>"; };
		9B096B1421D4B76C00442A68 /* NoticeCell.swift */ = {isa = PBXFileReference; lastKnownFileType = sourcecode.swift; path = NoticeCell.swift; sourceTree = "<group>"; };
		9B096B1E21D4B81200442A68 /* FamilyCell.swift */ = {isa = PBXFileReference; lastKnownFileType = sourcecode.swift; path = FamilyCell.swift; sourceTree = "<group>"; };
		9B09D63721DDB4F100AE1E6F /* InviteCodeVC.swift */ = {isa = PBXFileReference; lastKnownFileType = sourcecode.swift; path = InviteCodeVC.swift; sourceTree = "<group>"; };
		9B09D63D21DE0F5A00AE1E6F /* UIImage+imageFromUrl.swift */ = {isa = PBXFileReference; lastKnownFileType = sourcecode.swift; path = "UIImage+imageFromUrl.swift"; sourceTree = "<group>"; };
		9B09D63F21DE0FA400AE1E6F /* NetworkResult.swift */ = {isa = PBXFileReference; lastKnownFileType = sourcecode.swift; path = NetworkResult.swift; sourceTree = "<group>"; };
		9B09D64121DE0FB900AE1E6F /* APIManager.swift */ = {isa = PBXFileReference; lastKnownFileType = sourcecode.swift; path = APIManager.swift; sourceTree = "<group>"; };
		9B09D64421DE0FD600AE1E6F /* Requestable.swift */ = {isa = PBXFileReference; lastKnownFileType = sourcecode.swift; path = Requestable.swift; sourceTree = "<group>"; };
		9B09D64621DE104300AE1E6F /* LoginService.swift */ = {isa = PBXFileReference; lastKnownFileType = sourcecode.swift; path = LoginService.swift; sourceTree = "<group>"; };
		9B09D64821DE105400AE1E6F /* SignService.swift */ = {isa = PBXFileReference; lastKnownFileType = sourcecode.swift; path = SignService.swift; sourceTree = "<group>"; };
		9B09D64F21DE161100AE1E6F /* ResponseObject.swift */ = {isa = PBXFileReference; lastKnownFileType = sourcecode.swift; path = ResponseObject.swift; sourceTree = "<group>"; };
		9B09D65121DE167300AE1E6F /* ResponseArray.swift */ = {isa = PBXFileReference; lastKnownFileType = sourcecode.swift; path = ResponseArray.swift; sourceTree = "<group>"; };
		9B09D65321DE16C100AE1E6F /* Token.swift */ = {isa = PBXFileReference; lastKnownFileType = sourcecode.swift; path = Token.swift; sourceTree = "<group>"; };
		9B09D65521DE1F5E00AE1E6F /* UIViewController+Extension.swift */ = {isa = PBXFileReference; lastKnownFileType = sourcecode.swift; path = "UIViewController+Extension.swift"; sourceTree = "<group>"; };
		9B09D65721DE1FFC00AE1E6F /* TodayService.swift */ = {isa = PBXFileReference; lastKnownFileType = sourcecode.swift; path = TodayService.swift; sourceTree = "<group>"; };
		9B0DE9B821CF550E0020371E /* CalendarCell.swift */ = {isa = PBXFileReference; lastKnownFileType = sourcecode.swift; path = CalendarCell.swift; sourceTree = "<group>"; };
		9B0DE9BA21CF56360020371E /* CalendarVC.swift */ = {isa = PBXFileReference; lastKnownFileType = sourcecode.swift; path = CalendarVC.swift; sourceTree = "<group>"; };
		9B1A63FC21D0DD5D003F236F /* CalendarPopVC.swift */ = {isa = PBXFileReference; lastKnownFileType = sourcecode.swift; path = CalendarPopVC.swift; sourceTree = "<group>"; };
		9B2BCA0B21D5F53400FDF211 /* weekCalendarCell.swift */ = {isa = PBXFileReference; lastKnownFileType = sourcecode.swift; path = weekCalendarCell.swift; sourceTree = "<group>"; };
		9B32102021D6322200995ADD /* NoticeTableCell.swift */ = {isa = PBXFileReference; lastKnownFileType = sourcecode.swift; path = NoticeTableCell.swift; sourceTree = "<group>"; };
		9B32102421D6341B00995ADD /* NoticeModel.swift */ = {isa = PBXFileReference; lastKnownFileType = sourcecode.swift; path = NoticeModel.swift; sourceTree = "<group>"; };
		9B41DB4921DB530700FC6ED6 /* addAnniversaryCell.swift */ = {isa = PBXFileReference; lastKnownFileType = sourcecode.swift; path = addAnniversaryCell.swift; sourceTree = "<group>"; };
		9B41DB4B21DB531600FC6ED6 /* listAnniversaryCell.swift */ = {isa = PBXFileReference; lastKnownFileType = sourcecode.swift; path = listAnniversaryCell.swift; sourceTree = "<group>"; };
		9B41DB4D21DB532D00FC6ED6 /* marriageAnniversaryCell.swift */ = {isa = PBXFileReference; lastKnownFileType = sourcecode.swift; path = marriageAnniversaryCell.swift; sourceTree = "<group>"; };
		9B41DB4F21DB544B00FC6ED6 /* AnniversaryVC.swift */ = {isa = PBXFileReference; lastKnownFileType = sourcecode.swift; path = AnniversaryVC.swift; sourceTree = "<group>"; };
		9B42BFF721E2F5EE00DFF0D9 /* CalendarService.swift */ = {isa = PBXFileReference; lastKnownFileType = sourcecode.swift; path = CalendarService.swift; sourceTree = "<group>"; };
		9B42BFF921E31C3E00DFF0D9 /* HomeService.swift */ = {isa = PBXFileReference; lastKnownFileType = sourcecode.swift; path = HomeService.swift; sourceTree = "<group>"; };
		9B42BFFB21E31EAA00DFF0D9 /* AnniversaryService.swift */ = {isa = PBXFileReference; lastKnownFileType = sourcecode.swift; path = AnniversaryService.swift; sourceTree = "<group>"; };
		9B42BFFF21E32B6100DFF0D9 /* CommentService.swift */ = {isa = PBXFileReference; lastKnownFileType = sourcecode.swift; path = CommentService.swift; sourceTree = "<group>"; };
		9B42C00121E334BC00DFF0D9 /* Group_code.swift */ = {isa = PBXFileReference; lastKnownFileType = sourcecode.swift; path = Group_code.swift; sourceTree = "<group>"; };
		9B42C00321E3381100DFF0D9 /* PhotoService.swift */ = {isa = PBXFileReference; lastKnownFileType = sourcecode.swift; path = PhotoService.swift; sourceTree = "<group>"; };
		9B42C00521E3390800DFF0D9 /* Photo.swift */ = {isa = PBXFileReference; lastKnownFileType = sourcecode.swift; path = Photo.swift; sourceTree = "<group>"; };
		9B42C00721E38DF000DFF0D9 /* FirebaseDataService.swift */ = {isa = PBXFileReference; lastKnownFileType = sourcecode.swift; path = FirebaseDataService.swift; sourceTree = "<group>"; };
		9B42C00921E38FAF00DFF0D9 /* ChatModel.swift */ = {isa = PBXFileReference; lastKnownFileType = sourcecode.swift; path = ChatModel.swift; sourceTree = "<group>"; };
		9B42C00B21E3972A00DFF0D9 /* ChatMessageCell.swift */ = {isa = PBXFileReference; lastKnownFileType = sourcecode.swift; path = ChatMessageCell.swift; sourceTree = "<group>"; };
		9B42C00D21E44B9600DFF0D9 /* CountModel.swift */ = {isa = PBXFileReference; lastKnownFileType = sourcecode.swift; path = CountModel.swift; sourceTree = "<group>"; };
		9B42C00F21E4B39900DFF0D9 /* UserService.swift */ = {isa = PBXFileReference; lastKnownFileType = sourcecode.swift; path = UserService.swift; sourceTree = "<group>"; };
		9B453EC921CDFD3A001BD091 /* flower.app */ = {isa = PBXFileReference; explicitFileType = wrapper.application; includeInIndex = 0; path = flower.app; sourceTree = BUILT_PRODUCTS_DIR; };
		9B453ECC21CDFD3A001BD091 /* AppDelegate.swift */ = {isa = PBXFileReference; lastKnownFileType = sourcecode.swift; path = AppDelegate.swift; sourceTree = "<group>"; };
		9B453ED321CDFD3B001BD091 /* Assets.xcassets */ = {isa = PBXFileReference; lastKnownFileType = folder.assetcatalog; path = Assets.xcassets; sourceTree = "<group>"; };
		9B453ED821CDFD3B001BD091 /* Info.plist */ = {isa = PBXFileReference; lastKnownFileType = text.plist.xml; path = Info.plist; sourceTree = "<group>"; };
		9B453EDE21CDFDFA001BD091 /* Today.storyboard */ = {isa = PBXFileReference; lastKnownFileType = file.storyboard; path = Today.storyboard; sourceTree = "<group>"; };
		9B453EE021CDFEF9001BD091 /* HomeBoard.storyboard */ = {isa = PBXFileReference; lastKnownFileType = file.storyboard; path = HomeBoard.storyboard; sourceTree = "<group>"; };
		9B453EE421CE014B001BD091 /* PlusBoard.storyboard */ = {isa = PBXFileReference; lastKnownFileType = file.storyboard; path = PlusBoard.storyboard; sourceTree = "<group>"; };
		9B453EE621CE01EA001BD091 /* ChatBoard.storyboard */ = {isa = PBXFileReference; lastKnownFileType = file.storyboard; path = ChatBoard.storyboard; sourceTree = "<group>"; };
		9B497AB721D0A4D200182C41 /* CalendarHeader.swift */ = {isa = PBXFileReference; lastKnownFileType = sourcecode.swift; path = CalendarHeader.swift; sourceTree = "<group>"; };
		9B5CC5FB21D9D972001261C8 /* CalendarListPopupVC.swift */ = {isa = PBXFileReference; lastKnownFileType = sourcecode.swift; path = CalendarListPopupVC.swift; sourceTree = "<group>"; };
		9B6A647121D32D24004A3F5C /* CalendarAddVC.swift */ = {isa = PBXFileReference; lastKnownFileType = sourcecode.swift; path = CalendarAddVC.swift; sourceTree = "<group>"; };
		9B6A647321D34A34004A3F5C /* ChatVC.swift */ = {isa = PBXFileReference; lastKnownFileType = sourcecode.swift; path = ChatVC.swift; sourceTree = "<group>"; };
		9B7C211E21E07B8E0058B456 /* CalendarBoard.storyboard */ = {isa = PBXFileReference; lastKnownFileType = file.storyboard; path = CalendarBoard.storyboard; sourceTree = "<group>"; };
		9B7C212021E084CD0058B456 /* GoogleService-Info.plist */ = {isa = PBXFileReference; fileEncoding = 4; lastKnownFileType = text.plist.xml; path = "GoogleService-Info.plist"; sourceTree = "<group>"; };
		9BC0589621E73B2000B6D8A2 /* ToastView.swift */ = {isa = PBXFileReference; lastKnownFileType = sourcecode.swift; path = ToastView.swift; sourceTree = "<group>"; };
		9BC0589821E7697200B6D8A2 /* appAgreementVC.swift */ = {isa = PBXFileReference; lastKnownFileType = sourcecode.swift; path = appAgreementVC.swift; sourceTree = "<group>"; };
		9BC0589A21E76A0600B6D8A2 /* userAgreementVC.swift */ = {isa = PBXFileReference; lastKnownFileType = sourcecode.swift; path = userAgreementVC.swift; sourceTree = "<group>"; };
		9BC0589E21E7BB0300B6D8A2 /* ProtocolFile.swift */ = {isa = PBXFileReference; lastKnownFileType = sourcecode.swift; path = ProtocolFile.swift; sourceTree = "<group>"; };
		9BD13B0F21DB872D00A3688F /* CalendarListCell.swift */ = {isa = PBXFileReference; lastKnownFileType = sourcecode.swift; path = CalendarListCell.swift; sourceTree = "<group>"; };
		9BD13B1121DBB32100A3688F /* CalendarData.swift */ = {isa = PBXFileReference; lastKnownFileType = sourcecode.swift; path = CalendarData.swift; sourceTree = "<group>"; };
		9BD13B1321DBB3BE00A3688F /* TodayData.swift */ = {isa = PBXFileReference; lastKnownFileType = sourcecode.swift; path = TodayData.swift; sourceTree = "<group>"; };
		9BEFFFC721D4F21C007B2167 /* HomeCollectionVC.swift */ = {isa = PBXFileReference; lastKnownFileType = sourcecode.swift; path = HomeCollectionVC.swift; sourceTree = "<group>"; };
		9BF2B93C21E878FE00ADD721 /* MissionService.swift */ = {isa = PBXFileReference; lastKnownFileType = sourcecode.swift; path = MissionService.swift; sourceTree = "<group>"; };
		9BF2B93E21E8796A00ADD721 /* Mission_Model.swift */ = {isa = PBXFileReference; lastKnownFileType = sourcecode.swift; path = Mission_Model.swift; sourceTree = "<group>"; };
		9BF705AC21D8631800212766 /* FamilyModel.swift */ = {isa = PBXFileReference; lastKnownFileType = sourcecode.swift; path = FamilyModel.swift; sourceTree = "<group>"; };
/* End PBXFileReference section */

/* Begin PBXFrameworksBuildPhase section */
		9B453EC621CDFD3A001BD091 /* Frameworks */ = {
			isa = PBXFrameworksBuildPhase;
			buildActionMask = 2147483647;
			files = (
				DEE6578A84EAEF66E576579A /* Pods_flower.framework in Frameworks */,
			);
			runOnlyForDeploymentPostprocessing = 0;
		};
/* End PBXFrameworksBuildPhase section */

/* Begin PBXGroup section */
		21D6C9FB0383C75CB2456E8D /* Frameworks */ = {
			isa = PBXGroup;
			children = (
				7DC8C9A652200A9722099FC8 /* Pods_flower.framework */,
			);
			name = Frameworks;
			sourceTree = "<group>";
		};
		696C3B96FCF8227D508A6B92 /* Pods */ = {
			isa = PBXGroup;
			children = (
				1DC72B2586455B4A66386592 /* Pods-flower.debug.xcconfig */,
				58057E6AEF37FA8CF625DD85 /* Pods-flower.release.xcconfig */,
			);
			name = Pods;
			sourceTree = "<group>";
		};
		9B04F0D521E11D9400457181 /* NetworkSetting */ = {
			isa = PBXGroup;
			children = (
				9B09D64421DE0FD600AE1E6F /* Requestable.swift */,
				9B09D64F21DE161100AE1E6F /* ResponseObject.swift */,
				9B09D64121DE0FB900AE1E6F /* APIManager.swift */,
				9B09D65121DE167300AE1E6F /* ResponseArray.swift */,
				9B09D63F21DE0FA400AE1E6F /* NetworkResult.swift */,
				9B09D65321DE16C100AE1E6F /* Token.swift */,
			);
			path = NetworkSetting;
			sourceTree = "<group>";
		};
		9B064F9921DC89DA00AEF947 /* Search */ = {
			isa = PBXGroup;
			children = (
				9B064F9721DC82DD00AEF947 /* CalendarSearchTV.swift */,
				9B064F9321DC7B9000AEF947 /* CalendarSearchCell.swift */,
			);
			path = Search;
			sourceTree = "<group>";
		};
		9B064F9A21DC8A0F00AEF947 /* todoList */ = {
			isa = PBXGroup;
			children = (
				9B1A63FC21D0DD5D003F236F /* CalendarPopVC.swift */,
				9BD13B0F21DB872D00A3688F /* CalendarListCell.swift */,
			);
			path = todoList;
			sourceTree = "<group>";
		};
		9B096B0C21D472AF00442A68 /* Model */ = {
			isa = PBXGroup;
			children = (
				9BD13B1121DBB32100A3688F /* CalendarData.swift */,
				9BD13B1321DBB3BE00A3688F /* TodayData.swift */,
				9B0592AB21DBC07400F390DA /* AnniversaryData.swift */,
				4DC7111D21DCFA04001FACB6 /* PlusData.swift */,
				9B42C00921E38FAF00DFF0D9 /* ChatModel.swift */,
			);
			path = Model;
			sourceTree = "<group>";
		};
		9B096B1021D4B69600442A68 /* Statistic */ = {
			isa = PBXGroup;
			children = (
				9B096B1221D4B75B00442A68 /* StatisticCell.swift */,
			);
			path = Statistic;
			sourceTree = "<group>";
		};
		9B096B1121D4B6BB00442A68 /* Notice */ = {
			isa = PBXGroup;
			children = (
				9B096B1421D4B76C00442A68 /* NoticeCell.swift */,
				9B32102021D6322200995ADD /* NoticeTableCell.swift */,
				9B32102421D6341B00995ADD /* NoticeModel.swift */,
			);
			path = Notice;
			sourceTree = "<group>";
		};
		9B096B1B21D4B7F200442A68 /* Family */ = {
			isa = PBXGroup;
			children = (
				9B096B1E21D4B81200442A68 /* FamilyCell.swift */,
				9BF705AC21D8631800212766 /* FamilyModel.swift */,
			);
			path = Family;
			sourceTree = "<group>";
		};
		9B09D63621DDB4CD00AE1E6F /* InviteCode */ = {
			isa = PBXGroup;
			children = (
				9B09D63721DDB4F100AE1E6F /* InviteCodeVC.swift */,
			);
			path = InviteCode;
			sourceTree = "<group>";
		};
		9B09D63921DE0DB700AE1E6F /* Network */ = {
			isa = PBXGroup;
			children = (
				9B04F0D521E11D9400457181 /* NetworkSetting */,
				9B09D64A21DE126400AE1E6F /* NetworkModel */,
				9B09D63B21DE0F2C00AE1E6F /* Extension */,
				9B09D63A21DE0DC900AE1E6F /* APIServices */,
			);
			path = Network;
			sourceTree = "<group>";
		};
		9B09D63A21DE0DC900AE1E6F /* APIServices */ = {
			isa = PBXGroup;
			children = (
				9B04F0BD21E10EC500457181 /* GroupService.swift */,
				9B09D64821DE105400AE1E6F /* SignService.swift */,
				9B09D64621DE104300AE1E6F /* LoginService.swift */,
				9B09D65721DE1FFC00AE1E6F /* TodayService.swift */,
				9B42BFF721E2F5EE00DFF0D9 /* CalendarService.swift */,
				9B42BFF921E31C3E00DFF0D9 /* HomeService.swift */,
				9B42BFFB21E31EAA00DFF0D9 /* AnniversaryService.swift */,
				9B42BFFF21E32B6100DFF0D9 /* CommentService.swift */,
				9B42C00321E3381100DFF0D9 /* PhotoService.swift */,
				9B42C00F21E4B39900DFF0D9 /* UserService.swift */,
				9BF2B93C21E878FE00ADD721 /* MissionService.swift */,
			);
			path = APIServices;
			sourceTree = "<group>";
		};
		9B09D63B21DE0F2C00AE1E6F /* Extension */ = {
			isa = PBXGroup;
			children = (
				4DC7112721DD0F51001FACB6 /* CustomNavigationBar.swift */,
				9B09D65521DE1F5E00AE1E6F /* UIViewController+Extension.swift */,
				9BC0589621E73B2000B6D8A2 /* ToastView.swift */,
				9B09D63D21DE0F5A00AE1E6F /* UIImage+imageFromUrl.swift */,
			);
			path = Extension;
			sourceTree = "<group>";
		};
		9B09D64A21DE126400AE1E6F /* NetworkModel */ = {
			isa = PBXGroup;
			children = (
				4D3CAC3521E68BDD00FE700E /* TodayFeed.swift */,
				9B04F0C121E114BF00457181 /* Today_Contents.swift */,
				9B42C00521E3390800DFF0D9 /* Photo.swift */,
				9B04F0BF21E1138900457181 /* Today_Photo.swift */,
				9B04F0C321E1153300457181 /* Today_Content.swift */,
				9B04F0C521E1187100457181 /* Today_Comment.swift */,
				9B04F0C721E1190600457181 /* Today_Comments_Model.swift */,
				9B04F0C921E119C100457181 /* Calendar_individual.swift */,
				9B04F0CB21E11A1600457181 /* Calendar_family.swift */,
				9B04F0CD21E11A5F00457181 /* Calendar_anniversary.swift */,
				9B04F0CF21E11AE500457181 /* Calendar_Month.swift */,
				9B04F0D121E11BF200457181 /* Today_Feel.swift */,
				9B04F0D321E11C3A00457181 /* Today_Feel_Types.swift */,
				9B0417C621E1E024000FB0D4 /* Sign_Model.swift */,
				9B42C00121E334BC00DFF0D9 /* Group_code.swift */,
				9B42C00D21E44B9600DFF0D9 /* CountModel.swift */,
				9BF2B93E21E8796A00ADD721 /* Mission_Model.swift */,
			);
			path = NetworkModel;
			sourceTree = "<group>";
		};
		9B41DB4821DB52E400FC6ED6 /* Anniversary */ = {
			isa = PBXGroup;
			children = (
				9B41DB4921DB530700FC6ED6 /* addAnniversaryCell.swift */,
				9B41DB4B21DB531600FC6ED6 /* listAnniversaryCell.swift */,
				9B41DB4D21DB532D00FC6ED6 /* marriageAnniversaryCell.swift */,
				9B41DB4F21DB544B00FC6ED6 /* AnniversaryVC.swift */,
			);
			path = Anniversary;
			sourceTree = "<group>";
		};
		9B44BEDF21CF33DE00EB5C17 /* Main */ = {
			isa = PBXGroup;
			children = (
				4D01053821E7BB2900CDC17B /* Main.storyboard */,
				4D7E1C2721E4948C00CA7942 /* LaunchVC.swift */,
				4D2B85FE21D4642A00268906 /* LoginVC.swift */,
				4DD94D2F21D495800098C7A2 /* IntroduceVC.swift */,
				4DF78BC321D8B488004D2D62 /* JoinAgreementVC.swift */,
				4DF78BC521D8B5C8004D2D62 /* UIView+Bordered.swift */,
				4DF78BC721D8BA84004D2D62 /* JoinCellPhoneVC.swift */,
				4DF78BC921D8BC95004D2D62 /* JoinPersonalInfoVC.swift */,
				4D39CA0921DC6F180092CD9C /* genderSelection.swift */,
				4DF54A5721DB92A40081B9C7 /* JoinCreateEnterVC.swift */,
				4D7E1BF921E34E0800CA7942 /* JoinCreateVC.swift */,
				4DF54A5921DB92C10081B9C7 /* JoinEnterVC.swift */,
				9BC0589821E7697200B6D8A2 /* appAgreementVC.swift */,
				9BC0589A21E76A0600B6D8A2 /* userAgreementVC.swift */,
			);
			path = Main;
			sourceTree = "<group>";
		};
		9B44BEE021CF33EA00EB5C17 /* Plus */ = {
			isa = PBXGroup;
			children = (
				9B453EE421CE014B001BD091 /* PlusBoard.storyboard */,
				4D39CA0D21DCD2F80092CD9C /* PlusVC.swift */,
				4DC7112121DD07F0001FACB6 /* PlusProfileEditVC.swift */,
				4DC7111F21DD07D0001FACB6 /* PlusVersionVC.swift */,
				4DC7112521DD08C5001FACB6 /* PlusAlertSettingVC.swift */,
				4DC7112321DD086B001FACB6 /* PlusAccountSecurityVC.swift */,
			);
			path = Plus;
			sourceTree = "<group>";
		};
		9B44BEE121CF33F700EB5C17 /* Home */ = {
			isa = PBXGroup;
			children = (
				9B09D63621DDB4CD00AE1E6F /* InviteCode */,
				9B096B1B21D4B7F200442A68 /* Family */,
				9B096B1021D4B69600442A68 /* Statistic */,
				9BEFFFC621D4CAB9007B2167 /* Mission */,
				9B096B1121D4B6BB00442A68 /* Notice */,
				9B453EE021CDFEF9001BD091 /* HomeBoard.storyboard */,
				9BEFFFC721D4F21C007B2167 /* HomeCollectionVC.swift */,
			);
			path = Home;
			sourceTree = "<group>";
		};
		9B44BEE221CF33FF00EB5C17 /* Chat */ = {
			isa = PBXGroup;
			children = (
				9B453EE621CE01EA001BD091 /* ChatBoard.storyboard */,
				9B6A647321D34A34004A3F5C /* ChatVC.swift */,
				9B42C00721E38DF000DFF0D9 /* FirebaseDataService.swift */,
				9B42C00B21E3972A00DFF0D9 /* ChatMessageCell.swift */,
			);
			path = Chat;
			sourceTree = "<group>";
		};
		9B44BEE321CF341300EB5C17 /* Today */ = {
			isa = PBXGroup;
			children = (
				9B453EDE21CDFDFA001BD091 /* Today.storyboard */,
				4DB0CD3721D60D3C00105EAE /* TodayFeedVC.swift */,
				9B096B0421D465A500442A68 /* TodayFeedCell.swift */,
				4DB0CD3921D62E3800105EAE /* PostFullVC.swift */,
				9B096B0621D465B300442A68 /* PostReplyCell.swift */,
				9B0372F221E27C6F003F0C8E /* UploadPostVC.swift */,
				4D00926021E4E2DB00EF179C /* ShowAllVC.swift */,
				4D01052C21E78E3800CDC17B /* ShowAllCell.swift */,
			);
			path = Today;
			sourceTree = "<group>";
		};
		9B453EC021CDFD3A001BD091 = {
			isa = PBXGroup;
			children = (
				9B453ECB21CDFD3A001BD091 /* flower */,
				9B453ECA21CDFD3A001BD091 /* Products */,
				696C3B96FCF8227D508A6B92 /* Pods */,
				21D6C9FB0383C75CB2456E8D /* Frameworks */,
			);
			sourceTree = "<group>";
		};
		9B453ECA21CDFD3A001BD091 /* Products */ = {
			isa = PBXGroup;
			children = (
				9B453EC921CDFD3A001BD091 /* flower.app */,
			);
			name = Products;
			sourceTree = "<group>";
		};
		9B453ECB21CDFD3A001BD091 /* flower */ = {
			isa = PBXGroup;
			children = (
				9B09D63921DE0DB700AE1E6F /* Network */,
				9B7C212221E098DF0058B456 /* Protocol */,
				9B7C211D21E07B7F0058B456 /* Calendar */,
				9B096B0C21D472AF00442A68 /* Model */,
				9B44BEE321CF341300EB5C17 /* Today */,
				9B44BEE221CF33FF00EB5C17 /* Chat */,
				9B44BEE121CF33F700EB5C17 /* Home */,
				9B44BEE021CF33EA00EB5C17 /* Plus */,
				9B44BEDF21CF33DE00EB5C17 /* Main */,
				9B453ECC21CDFD3A001BD091 /* AppDelegate.swift */,
				9B453ED321CDFD3B001BD091 /* Assets.xcassets */,
				4D01053221E7932300CDC17B /* launchSplash.json */,
				4D01053621E7B88900CDC17B /* splash_ios.json */,
				9B453ED821CDFD3B001BD091 /* Info.plist */,
				9B7C212021E084CD0058B456 /* GoogleService-Info.plist */,
			);
			path = flower;
			sourceTree = "<group>";
		};
		9B7C211D21E07B7F0058B456 /* Calendar */ = {
			isa = PBXGroup;
			children = (
				9B41DB4821DB52E400FC6ED6 /* Anniversary */,
				9B064F9921DC89DA00AEF947 /* Search */,
				9B064F9A21DC8A0F00AEF947 /* todoList */,
				9B7C211E21E07B8E0058B456 /* CalendarBoard.storyboard */,
				9B497AB721D0A4D200182C41 /* CalendarHeader.swift */,
				9B5CC5FB21D9D972001261C8 /* CalendarListPopupVC.swift */,
				9B6A647121D32D24004A3F5C /* CalendarAddVC.swift */,
				9B0DE9BA21CF56360020371E /* CalendarVC.swift */,
				9B0DE9B821CF550E0020371E /* CalendarCell.swift */,
			);
			path = Calendar;
			sourceTree = "<group>";
		};
		9B7C212221E098DF0058B456 /* Protocol */ = {
			isa = PBXGroup;
			children = (
				9BC0589E21E7BB0300B6D8A2 /* ProtocolFile.swift */,
			);
			path = Protocol;
			sourceTree = "<group>";
		};
		9BEFFFC621D4CAB9007B2167 /* Mission */ = {
			isa = PBXGroup;
			children = (
				9B2BCA0B21D5F53400FDF211 /* weekCalendarCell.swift */,
			);
			path = Mission;
			sourceTree = "<group>";
		};
/* End PBXGroup section */

/* Begin PBXNativeTarget section */
		9B453EC821CDFD3A001BD091 /* flower */ = {
			isa = PBXNativeTarget;
			buildConfigurationList = 9B453EDB21CDFD3B001BD091 /* Build configuration list for PBXNativeTarget "flower" */;
			buildPhases = (
				1CAA7DB3920EDDC1FD594391 /* [CP] Check Pods Manifest.lock */,
				9B453EC521CDFD3A001BD091 /* Sources */,
				9B453EC621CDFD3A001BD091 /* Frameworks */,
				9B453EC721CDFD3A001BD091 /* Resources */,
				DBD6FA82D1D68FAC81093B54 /* [CP] Embed Pods Frameworks */,
			);
			buildRules = (
			);
			dependencies = (
			);
			name = flower;
			productName = flower;
			productReference = 9B453EC921CDFD3A001BD091 /* flower.app */;
			productType = "com.apple.product-type.application";
		};
/* End PBXNativeTarget section */

/* Begin PBXProject section */
		9B453EC121CDFD3A001BD091 /* Project object */ = {
			isa = PBXProject;
			attributes = {
				LastSwiftUpdateCheck = 1010;
				LastUpgradeCheck = 1010;
				ORGANIZATIONNAME = "성다연";
				TargetAttributes = {
					9B453EC821CDFD3A001BD091 = {
						CreatedOnToolsVersion = 10.1;
					};
				};
			};
			buildConfigurationList = 9B453EC421CDFD3A001BD091 /* Build configuration list for PBXProject "flower" */;
			compatibilityVersion = "Xcode 9.3";
			developmentRegion = en;
			hasScannedForEncodings = 0;
			knownRegions = (
				en,
				Base,
			);
			mainGroup = 9B453EC021CDFD3A001BD091;
			productRefGroup = 9B453ECA21CDFD3A001BD091 /* Products */;
			projectDirPath = "";
			projectRoot = "";
			targets = (
				9B453EC821CDFD3A001BD091 /* flower */,
			);
		};
/* End PBXProject section */

/* Begin PBXResourcesBuildPhase section */
		9B453EC721CDFD3A001BD091 /* Resources */ = {
			isa = PBXResourcesBuildPhase;
			buildActionMask = 2147483647;
			files = (
				4D01053721E7B88900CDC17B /* splash_ios.json in Resources */,
				4D01053921E7BB2900CDC17B /* Main.storyboard in Resources */,
				9B7C211F21E07B8E0058B456 /* CalendarBoard.storyboard in Resources */,
				9B7C212121E084CD0058B456 /* GoogleService-Info.plist in Resources */,
				9B453EDF21CDFDFA001BD091 /* Today.storyboard in Resources */,
				9B453ED421CDFD3B001BD091 /* Assets.xcassets in Resources */,
				9B453EE721CE01EA001BD091 /* ChatBoard.storyboard in Resources */,
				4D01053321E7932300CDC17B /* launchSplash.json in Resources */,
				9B453EE121CDFEF9001BD091 /* HomeBoard.storyboard in Resources */,
				9B453EE521CE014B001BD091 /* PlusBoard.storyboard in Resources */,
			);
			runOnlyForDeploymentPostprocessing = 0;
		};
/* End PBXResourcesBuildPhase section */

/* Begin PBXShellScriptBuildPhase section */
		1CAA7DB3920EDDC1FD594391 /* [CP] Check Pods Manifest.lock */ = {
			isa = PBXShellScriptBuildPhase;
			buildActionMask = 2147483647;
			files = (
			);
			inputFileListPaths = (
			);
			inputPaths = (
				"${PODS_PODFILE_DIR_PATH}/Podfile.lock",
				"${PODS_ROOT}/Manifest.lock",
			);
			name = "[CP] Check Pods Manifest.lock";
			outputFileListPaths = (
			);
			outputPaths = (
				"$(DERIVED_FILE_DIR)/Pods-flower-checkManifestLockResult.txt",
			);
			runOnlyForDeploymentPostprocessing = 0;
			shellPath = /bin/sh;
			shellScript = "diff \"${PODS_PODFILE_DIR_PATH}/Podfile.lock\" \"${PODS_ROOT}/Manifest.lock\" > /dev/null\nif [ $? != 0 ] ; then\n    # print error to STDERR\n    echo \"error: The sandbox is not in sync with the Podfile.lock. Run 'pod install' or update your CocoaPods installation.\" >&2\n    exit 1\nfi\n# This output is used by Xcode 'outputs' to avoid re-running this script phase.\necho \"SUCCESS\" > \"${SCRIPT_OUTPUT_FILE_0}\"\n";
			showEnvVarsInLog = 0;
		};
		DBD6FA82D1D68FAC81093B54 /* [CP] Embed Pods Frameworks */ = {
			isa = PBXShellScriptBuildPhase;
			buildActionMask = 2147483647;
			files = (
			);
			inputFileListPaths = (
			);
			inputPaths = (
				"${SRCROOT}/Pods/Target Support Files/Pods-flower/Pods-flower-frameworks.sh",
				"${BUILT_PRODUCTS_DIR}/Alamofire/Alamofire.framework",
				"${BUILT_PRODUCTS_DIR}/AlamofireObjectMapper/AlamofireObjectMapper.framework",
				"${BUILT_PRODUCTS_DIR}/BetterSegmentedControl/BetterSegmentedControl.framework",
				"${BUILT_PRODUCTS_DIR}/DLRadioButton/DLRadioButton.framework",
				"${BUILT_PRODUCTS_DIR}/GTMSessionFetcher/GTMSessionFetcher.framework",
				"${BUILT_PRODUCTS_DIR}/GoogleUtilities/GoogleUtilities.framework",
				"${BUILT_PRODUCTS_DIR}/JTAppleCalendar/JTAppleCalendar.framework",
				"${BUILT_PRODUCTS_DIR}/Kingfisher/Kingfisher.framework",
				"${BUILT_PRODUCTS_DIR}/ObjectMapper/ObjectMapper.framework",
				"${BUILT_PRODUCTS_DIR}/PasswordTextField/PasswordTextField.framework",
				"${BUILT_PRODUCTS_DIR}/SwiftyJSON/SwiftyJSON.framework",
				"${BUILT_PRODUCTS_DIR}/leveldb-library/leveldb.framework",
				"${BUILT_PRODUCTS_DIR}/lottie-ios/Lottie.framework",
				"${BUILT_PRODUCTS_DIR}/nanopb/nanopb.framework",
			);
			name = "[CP] Embed Pods Frameworks";
			outputFileListPaths = (
			);
			outputPaths = (
				"${TARGET_BUILD_DIR}/${FRAMEWORKS_FOLDER_PATH}/Alamofire.framework",
				"${TARGET_BUILD_DIR}/${FRAMEWORKS_FOLDER_PATH}/AlamofireObjectMapper.framework",
				"${TARGET_BUILD_DIR}/${FRAMEWORKS_FOLDER_PATH}/BetterSegmentedControl.framework",
				"${TARGET_BUILD_DIR}/${FRAMEWORKS_FOLDER_PATH}/DLRadioButton.framework",
				"${TARGET_BUILD_DIR}/${FRAMEWORKS_FOLDER_PATH}/GTMSessionFetcher.framework",
				"${TARGET_BUILD_DIR}/${FRAMEWORKS_FOLDER_PATH}/GoogleUtilities.framework",
				"${TARGET_BUILD_DIR}/${FRAMEWORKS_FOLDER_PATH}/JTAppleCalendar.framework",
				"${TARGET_BUILD_DIR}/${FRAMEWORKS_FOLDER_PATH}/Kingfisher.framework",
				"${TARGET_BUILD_DIR}/${FRAMEWORKS_FOLDER_PATH}/ObjectMapper.framework",
				"${TARGET_BUILD_DIR}/${FRAMEWORKS_FOLDER_PATH}/PasswordTextField.framework",
				"${TARGET_BUILD_DIR}/${FRAMEWORKS_FOLDER_PATH}/SwiftyJSON.framework",
				"${TARGET_BUILD_DIR}/${FRAMEWORKS_FOLDER_PATH}/leveldb.framework",
				"${TARGET_BUILD_DIR}/${FRAMEWORKS_FOLDER_PATH}/Lottie.framework",
				"${TARGET_BUILD_DIR}/${FRAMEWORKS_FOLDER_PATH}/nanopb.framework",
			);
			runOnlyForDeploymentPostprocessing = 0;
			shellPath = /bin/sh;
			shellScript = "\"${SRCROOT}/Pods/Target Support Files/Pods-flower/Pods-flower-frameworks.sh\"\n";
			showEnvVarsInLog = 0;
		};
/* End PBXShellScriptBuildPhase section */

/* Begin PBXSourcesBuildPhase section */
		9B453EC521CDFD3A001BD091 /* Sources */ = {
			isa = PBXSourcesBuildPhase;
			buildActionMask = 2147483647;
			files = (
				4DC7112621DD08C5001FACB6 /* PlusAlertSettingVC.swift in Sources */,
				4DD94D3021D495800098C7A2 /* IntroduceVC.swift in Sources */,
				9B6A647421D34A34004A3F5C /* ChatVC.swift in Sources */,
				4DF78BC621D8B5C8004D2D62 /* UIView+Bordered.swift in Sources */,
				9B32102121D6322200995ADD /* NoticeTableCell.swift in Sources */,
				9BC0589F21E7BB0300B6D8A2 /* ProtocolFile.swift in Sources */,
				4DF78BC421D8B488004D2D62 /* JoinAgreementVC.swift in Sources */,
				9B42C00821E38DF000DFF0D9 /* FirebaseDataService.swift in Sources */,
				9B42C00221E334BC00DFF0D9 /* Group_code.swift in Sources */,
				9B096B0721D465B300442A68 /* PostReplyCell.swift in Sources */,
				4DC7112421DD086B001FACB6 /* PlusAccountSecurityVC.swift in Sources */,
				4D3CAC3621E68BDD00FE700E /* TodayFeed.swift in Sources */,
				4D39CA0E21DCD2F80092CD9C /* PlusVC.swift in Sources */,
				9B1A63FD21D0DD5D003F236F /* CalendarPopVC.swift in Sources */,
				9BD13B1021DB872D00A3688F /* CalendarListCell.swift in Sources */,
				4DC7112221DD07F0001FACB6 /* PlusProfileEditVC.swift in Sources */,
				9B04F0D021E11AE500457181 /* Calendar_Month.swift in Sources */,
				9B096B1321D4B75B00442A68 /* StatisticCell.swift in Sources */,
				4D2B85FF21D4642A00268906 /* LoginVC.swift in Sources */,
				9B04F0CE21E11A5F00457181 /* Calendar_anniversary.swift in Sources */,
				4D39CA0A21DC6F180092CD9C /* genderSelection.swift in Sources */,
				9B6A647221D32D24004A3F5C /* CalendarAddVC.swift in Sources */,
				9B0372F321E27C6F003F0C8E /* UploadPostVC.swift in Sources */,
				4D01052D21E78E3800CDC17B /* ShowAllCell.swift in Sources */,
				9B42C00421E3381100DFF0D9 /* PhotoService.swift in Sources */,
				9B453ECD21CDFD3A001BD091 /* AppDelegate.swift in Sources */,
				9B0DE9BB21CF56360020371E /* CalendarVC.swift in Sources */,
				9B09D64521DE0FD600AE1E6F /* Requestable.swift in Sources */,
				4DF78BC821D8BA84004D2D62 /* JoinCellPhoneVC.swift in Sources */,
				9B32102521D6341B00995ADD /* NoticeModel.swift in Sources */,
				4DC7112821DD0F51001FACB6 /* CustomNavigationBar.swift in Sources */,
				9B42C01021E4B39900DFF0D9 /* UserService.swift in Sources */,
				9BF2B93F21E8796A00ADD721 /* Mission_Model.swift in Sources */,
				9B42C00021E32B6100DFF0D9 /* CommentService.swift in Sources */,
				9B04F0C021E1138900457181 /* Today_Photo.swift in Sources */,
				9B04F0CC21E11A1600457181 /* Calendar_family.swift in Sources */,
				9B09D65221DE167300AE1E6F /* ResponseArray.swift in Sources */,
				9B04F0D221E11BF200457181 /* Today_Feel.swift in Sources */,
				9BC0589721E73B2000B6D8A2 /* ToastView.swift in Sources */,
				9B41DB4C21DB531600FC6ED6 /* listAnniversaryCell.swift in Sources */,
				9B09D65621DE1F5E00AE1E6F /* UIViewController+Extension.swift in Sources */,
				9B42C00C21E3972A00DFF0D9 /* ChatMessageCell.swift in Sources */,
				9B096B1521D4B76C00442A68 /* NoticeCell.swift in Sources */,
				9B0592AC21DBC07400F390DA /* AnniversaryData.swift in Sources */,
				9B04F0C221E114BF00457181 /* Today_Contents.swift in Sources */,
				9BF705AD21D8631800212766 /* FamilyModel.swift in Sources */,
				9B42C00E21E44B9600DFF0D9 /* CountModel.swift in Sources */,
				4DC7111E21DCFA04001FACB6 /* PlusData.swift in Sources */,
				4DF54A5A21DB92C10081B9C7 /* JoinEnterVC.swift in Sources */,
				9B04F0D421E11C3A00457181 /* Today_Feel_Types.swift in Sources */,
				9B0DE9B921CF550E0020371E /* CalendarCell.swift in Sources */,
				4D7E1BFA21E34E0800CA7942 /* JoinCreateVC.swift in Sources */,
				9B09D64221DE0FB900AE1E6F /* APIManager.swift in Sources */,
				9B42C00621E3390800DFF0D9 /* Photo.swift in Sources */,
				9BEFFFC821D4F21C007B2167 /* HomeCollectionVC.swift in Sources */,
				9B04F0BE21E10EC500457181 /* GroupService.swift in Sources */,
				9B42BFF821E2F5EE00DFF0D9 /* CalendarService.swift in Sources */,
				9B04F0C421E1153300457181 /* Today_Content.swift in Sources */,
				9B42C00A21E38FAF00DFF0D9 /* ChatModel.swift in Sources */,
				9B09D65821DE1FFC00AE1E6F /* TodayService.swift in Sources */,
				4DB0CD3A21D62E3800105EAE /* PostFullVC.swift in Sources */,
				4DF78BCA21D8BC95004D2D62 /* JoinPersonalInfoVC.swift in Sources */,
				9B04F0C621E1187100457181 /* Today_Comment.swift in Sources */,
				9B09D65021DE161100AE1E6F /* ResponseObject.swift in Sources */,
				9B5CC5FC21D9D972001261C8 /* CalendarListPopupVC.swift in Sources */,
				9BC0589921E7697200B6D8A2 /* appAgreementVC.swift in Sources */,
				9B096B0521D465A500442A68 /* TodayFeedCell.swift in Sources */,
				9B064F9821DC82DD00AEF947 /* CalendarSearchTV.swift in Sources */,
				9B42BFFC21E31EAA00DFF0D9 /* AnniversaryService.swift in Sources */,
				9B42BFFA21E31C3E00DFF0D9 /* HomeService.swift in Sources */,
				9B2BCA0C21D5F53400FDF211 /* weekCalendarCell.swift in Sources */,
				9B41DB5021DB544B00FC6ED6 /* AnniversaryVC.swift in Sources */,
				9B09D64921DE105400AE1E6F /* SignService.swift in Sources */,
				9B41DB4A21DB530700FC6ED6 /* addAnniversaryCell.swift in Sources */,
				9B41DB4E21DB532D00FC6ED6 /* marriageAnniversaryCell.swift in Sources */,
				9B04F0CA21E119C100457181 /* Calendar_individual.swift in Sources */,
				9B09D63821DDB4F100AE1E6F /* InviteCodeVC.swift in Sources */,
				4DC7112021DD07D0001FACB6 /* PlusVersionVC.swift in Sources */,
				4DC7112021DD07D0001FACB6 /* PlusVersionVC.swift in Sources */,
				9B09D63E21DE0F5A00AE1E6F /* UIImage+imageFromUrl.swift in Sources */,
				9B497AB821D0A4D200182C41 /* CalendarHeader.swift in Sources */,
				9B09D65421DE16C100AE1E6F /* Token.swift in Sources */,
				4DB0CD3821D60D3C00105EAE /* TodayFeedVC.swift in Sources */,
				9B064F9421DC7B9000AEF947 /* CalendarSearchCell.swift in Sources */,
				9B04F0C821E1190600457181 /* Today_Comments_Model.swift in Sources */,
				4D00926121E4E2DB00EF179C /* ShowAllVC.swift in Sources */,
				9B0417C721E1E024000FB0D4 /* Sign_Model.swift in Sources */,
				9BC0589B21E76A0600B6D8A2 /* userAgreementVC.swift in Sources */,
				9BD13B1221DBB32100A3688F /* CalendarData.swift in Sources */,
				9B096B1F21D4B81200442A68 /* FamilyCell.swift in Sources */,
				9BD13B1421DBB3BE00A3688F /* TodayData.swift in Sources */,
				9B09D64021DE0FA400AE1E6F /* NetworkResult.swift in Sources */,
				4DF54A5821DB92A40081B9C7 /* JoinCreateEnterVC.swift in Sources */,
				9B09D64721DE104300AE1E6F /* LoginService.swift in Sources */,
				4D7E1C2821E4948C00CA7942 /* LaunchVC.swift in Sources */,
				9BF2B93D21E878FE00ADD721 /* MissionService.swift in Sources */,
			);
			runOnlyForDeploymentPostprocessing = 0;
		};
/* End PBXSourcesBuildPhase section */

/* Begin XCBuildConfiguration section */
		9B453ED921CDFD3B001BD091 /* Debug */ = {
			isa = XCBuildConfiguration;
			buildSettings = {
				ALWAYS_SEARCH_USER_PATHS = NO;
				CLANG_ANALYZER_NONNULL = YES;
				CLANG_ANALYZER_NUMBER_OBJECT_CONVERSION = YES_AGGRESSIVE;
				CLANG_CXX_LANGUAGE_STANDARD = "gnu++14";
				CLANG_CXX_LIBRARY = "libc++";
				CLANG_ENABLE_MODULES = YES;
				CLANG_ENABLE_OBJC_ARC = YES;
				CLANG_ENABLE_OBJC_WEAK = YES;
				CLANG_WARN_BLOCK_CAPTURE_AUTORELEASING = YES;
				CLANG_WARN_BOOL_CONVERSION = YES;
				CLANG_WARN_COMMA = YES;
				CLANG_WARN_CONSTANT_CONVERSION = YES;
				CLANG_WARN_DEPRECATED_OBJC_IMPLEMENTATIONS = YES;
				CLANG_WARN_DIRECT_OBJC_ISA_USAGE = YES_ERROR;
				CLANG_WARN_DOCUMENTATION_COMMENTS = YES;
				CLANG_WARN_EMPTY_BODY = YES;
				CLANG_WARN_ENUM_CONVERSION = YES;
				CLANG_WARN_INFINITE_RECURSION = YES;
				CLANG_WARN_INT_CONVERSION = YES;
				CLANG_WARN_NON_LITERAL_NULL_CONVERSION = YES;
				CLANG_WARN_OBJC_IMPLICIT_RETAIN_SELF = YES;
				CLANG_WARN_OBJC_LITERAL_CONVERSION = YES;
				CLANG_WARN_OBJC_ROOT_CLASS = YES_ERROR;
				CLANG_WARN_RANGE_LOOP_ANALYSIS = YES;
				CLANG_WARN_STRICT_PROTOTYPES = YES;
				CLANG_WARN_SUSPICIOUS_MOVE = YES;
				CLANG_WARN_UNGUARDED_AVAILABILITY = YES_AGGRESSIVE;
				CLANG_WARN_UNREACHABLE_CODE = YES;
				CLANG_WARN__DUPLICATE_METHOD_MATCH = YES;
				CODE_SIGN_IDENTITY = "iPhone Developer";
				COPY_PHASE_STRIP = NO;
				DEBUG_INFORMATION_FORMAT = dwarf;
				ENABLE_STRICT_OBJC_MSGSEND = YES;
				ENABLE_TESTABILITY = YES;
				GCC_C_LANGUAGE_STANDARD = gnu11;
				GCC_DYNAMIC_NO_PIC = NO;
				GCC_NO_COMMON_BLOCKS = YES;
				GCC_OPTIMIZATION_LEVEL = 0;
				GCC_PREPROCESSOR_DEFINITIONS = (
					"DEBUG=1",
					"$(inherited)",
				);
				GCC_WARN_64_TO_32_BIT_CONVERSION = YES;
				GCC_WARN_ABOUT_RETURN_TYPE = YES_ERROR;
				GCC_WARN_UNDECLARED_SELECTOR = YES;
				GCC_WARN_UNINITIALIZED_AUTOS = YES_AGGRESSIVE;
				GCC_WARN_UNUSED_FUNCTION = YES;
				GCC_WARN_UNUSED_VARIABLE = YES;
				IPHONEOS_DEPLOYMENT_TARGET = 12.1;
				MTL_ENABLE_DEBUG_INFO = INCLUDE_SOURCE;
				MTL_FAST_MATH = YES;
				ONLY_ACTIVE_ARCH = YES;
				SDKROOT = iphoneos;
				SWIFT_ACTIVE_COMPILATION_CONDITIONS = DEBUG;
				SWIFT_OPTIMIZATION_LEVEL = "-Onone";
			};
			name = Debug;
		};
		9B453EDA21CDFD3B001BD091 /* Release */ = {
			isa = XCBuildConfiguration;
			buildSettings = {
				ALWAYS_SEARCH_USER_PATHS = NO;
				CLANG_ANALYZER_NONNULL = YES;
				CLANG_ANALYZER_NUMBER_OBJECT_CONVERSION = YES_AGGRESSIVE;
				CLANG_CXX_LANGUAGE_STANDARD = "gnu++14";
				CLANG_CXX_LIBRARY = "libc++";
				CLANG_ENABLE_MODULES = YES;
				CLANG_ENABLE_OBJC_ARC = YES;
				CLANG_ENABLE_OBJC_WEAK = YES;
				CLANG_WARN_BLOCK_CAPTURE_AUTORELEASING = YES;
				CLANG_WARN_BOOL_CONVERSION = YES;
				CLANG_WARN_COMMA = YES;
				CLANG_WARN_CONSTANT_CONVERSION = YES;
				CLANG_WARN_DEPRECATED_OBJC_IMPLEMENTATIONS = YES;
				CLANG_WARN_DIRECT_OBJC_ISA_USAGE = YES_ERROR;
				CLANG_WARN_DOCUMENTATION_COMMENTS = YES;
				CLANG_WARN_EMPTY_BODY = YES;
				CLANG_WARN_ENUM_CONVERSION = YES;
				CLANG_WARN_INFINITE_RECURSION = YES;
				CLANG_WARN_INT_CONVERSION = YES;
				CLANG_WARN_NON_LITERAL_NULL_CONVERSION = YES;
				CLANG_WARN_OBJC_IMPLICIT_RETAIN_SELF = YES;
				CLANG_WARN_OBJC_LITERAL_CONVERSION = YES;
				CLANG_WARN_OBJC_ROOT_CLASS = YES_ERROR;
				CLANG_WARN_RANGE_LOOP_ANALYSIS = YES;
				CLANG_WARN_STRICT_PROTOTYPES = YES;
				CLANG_WARN_SUSPICIOUS_MOVE = YES;
				CLANG_WARN_UNGUARDED_AVAILABILITY = YES_AGGRESSIVE;
				CLANG_WARN_UNREACHABLE_CODE = YES;
				CLANG_WARN__DUPLICATE_METHOD_MATCH = YES;
				CODE_SIGN_IDENTITY = "iPhone Developer";
				COPY_PHASE_STRIP = NO;
				DEBUG_INFORMATION_FORMAT = "dwarf-with-dsym";
				ENABLE_NS_ASSERTIONS = NO;
				ENABLE_STRICT_OBJC_MSGSEND = YES;
				GCC_C_LANGUAGE_STANDARD = gnu11;
				GCC_NO_COMMON_BLOCKS = YES;
				GCC_WARN_64_TO_32_BIT_CONVERSION = YES;
				GCC_WARN_ABOUT_RETURN_TYPE = YES_ERROR;
				GCC_WARN_UNDECLARED_SELECTOR = YES;
				GCC_WARN_UNINITIALIZED_AUTOS = YES_AGGRESSIVE;
				GCC_WARN_UNUSED_FUNCTION = YES;
				GCC_WARN_UNUSED_VARIABLE = YES;
				IPHONEOS_DEPLOYMENT_TARGET = 12.1;
				MTL_ENABLE_DEBUG_INFO = NO;
				MTL_FAST_MATH = YES;
				SDKROOT = iphoneos;
				SWIFT_COMPILATION_MODE = wholemodule;
				SWIFT_OPTIMIZATION_LEVEL = "-O";
				VALIDATE_PRODUCT = YES;
			};
			name = Release;
		};
		9B453EDC21CDFD3B001BD091 /* Debug */ = {
			isa = XCBuildConfiguration;
			baseConfigurationReference = 1DC72B2586455B4A66386592 /* Pods-flower.debug.xcconfig */;
			buildSettings = {
				ASSETCATALOG_COMPILER_APPICON_NAME = AppIcon;
				CODE_SIGN_IDENTITY = "iPhone Developer";
				CODE_SIGN_STYLE = Automatic;
				DEVELOPMENT_TEAM = NU8G5ASQP7;
				INFOPLIST_FILE = flower/Info.plist;
				IPHONEOS_DEPLOYMENT_TARGET = 11.4;
				LD_RUNPATH_SEARCH_PATHS = (
					"$(inherited)",
					"@executable_path/Frameworks",
				);
				PRODUCT_BUNDLE_IDENTIFIER = com.famfamTest;
				PRODUCT_NAME = "$(TARGET_NAME)";
				PROVISIONING_PROFILE_SPECIFIER = "";
				SWIFT_VERSION = 4.2;
				TARGETED_DEVICE_FAMILY = "1,2";
			};
			name = Debug;
		};
		9B453EDD21CDFD3B001BD091 /* Release */ = {
			isa = XCBuildConfiguration;
			baseConfigurationReference = 58057E6AEF37FA8CF625DD85 /* Pods-flower.release.xcconfig */;
			buildSettings = {
				ASSETCATALOG_COMPILER_APPICON_NAME = AppIcon;
				CODE_SIGN_IDENTITY = "iPhone Developer";
				CODE_SIGN_STYLE = Automatic;
				DEVELOPMENT_TEAM = NU8G5ASQP7;
				INFOPLIST_FILE = flower/Info.plist;
				IPHONEOS_DEPLOYMENT_TARGET = 11.4;
				LD_RUNPATH_SEARCH_PATHS = (
					"$(inherited)",
					"@executable_path/Frameworks",
				);
				PRODUCT_BUNDLE_IDENTIFIER = com.famfamTest;
				PRODUCT_NAME = "$(TARGET_NAME)";
				PROVISIONING_PROFILE_SPECIFIER = "";
				SWIFT_VERSION = 4.2;
				TARGETED_DEVICE_FAMILY = "1,2";
			};
			name = Release;
		};
/* End XCBuildConfiguration section */

/* Begin XCConfigurationList section */
		9B453EC421CDFD3A001BD091 /* Build configuration list for PBXProject "flower" */ = {
			isa = XCConfigurationList;
			buildConfigurations = (
				9B453ED921CDFD3B001BD091 /* Debug */,
				9B453EDA21CDFD3B001BD091 /* Release */,
			);
			defaultConfigurationIsVisible = 0;
			defaultConfigurationName = Release;
		};
		9B453EDB21CDFD3B001BD091 /* Build configuration list for PBXNativeTarget "flower" */ = {
			isa = XCConfigurationList;
			buildConfigurations = (
				9B453EDC21CDFD3B001BD091 /* Debug */,
				9B453EDD21CDFD3B001BD091 /* Release */,
			);
			defaultConfigurationIsVisible = 0;
			defaultConfigurationName = Release;
		};
/* End XCConfigurationList section */
	};
	rootObject = 9B453EC121CDFD3A001BD091 /* Project object */;
}
