// !$*UTF8*$!
{
	archiveVersion = 1;
	classes = {
	};
	objectVersion = 50;
	objects = {

/* Begin PBXBuildFile section */
		4D2B85FF21D4642A00268906 /* LogInViewController.swift in Sources */ = {isa = PBXBuildFile; fileRef = 4D2B85FE21D4642A00268906 /* LogInViewController.swift */; };
		9A6843FEAA7FD0E45E736445 /* Pods_flower.framework in Frameworks */ = {isa = PBXBuildFile; fileRef = C3C22FFB8DE217378F6EC2AB /* Pods_flower.framework */; };
		9B096B0521D465A500442A68 /* todayBoardCell.swift in Sources */ = {isa = PBXBuildFile; fileRef = 9B096B0421D465A500442A68 /* todayBoardCell.swift */; };
		9B096B0721D465B300442A68 /* todayReadCell.swift in Sources */ = {isa = PBXBuildFile; fileRef = 9B096B0621D465B300442A68 /* todayReadCell.swift */; };
		9B096B0921D465E300442A68 /* todayWriteCell.swift in Sources */ = {isa = PBXBuildFile; fileRef = 9B096B0821D465E300442A68 /* todayWriteCell.swift */; };
		9B096B0B21D46A9C00442A68 /* todayBoardVC.swift in Sources */ = {isa = PBXBuildFile; fileRef = 9B096B0A21D46A9C00442A68 /* todayBoardVC.swift */; };
		9B096B0E21D472BF00442A68 /* LocalDataBase.swift in Sources */ = {isa = PBXBuildFile; fileRef = 9B096B0D21D472BF00442A68 /* LocalDataBase.swift */; };
		9B0DE9B921CF550E0020371E /* CalendarCell.swift in Sources */ = {isa = PBXBuildFile; fileRef = 9B0DE9B821CF550E0020371E /* CalendarCell.swift */; };
		9B0DE9BB21CF56360020371E /* CalendarVC.swift in Sources */ = {isa = PBXBuildFile; fileRef = 9B0DE9BA21CF56360020371E /* CalendarVC.swift */; };
		9B1A63FD21D0DD5D003F236F /* CalendarPopVC.swift in Sources */ = {isa = PBXBuildFile; fileRef = 9B1A63FC21D0DD5D003F236F /* CalendarPopVC.swift */; };
		9B453ECD21CDFD3A001BD091 /* AppDelegate.swift in Sources */ = {isa = PBXBuildFile; fileRef = 9B453ECC21CDFD3A001BD091 /* AppDelegate.swift */; };
		9B453ECF21CDFD3A001BD091 /* ViewController.swift in Sources */ = {isa = PBXBuildFile; fileRef = 9B453ECE21CDFD3A001BD091 /* ViewController.swift */; };
		9B453ED221CDFD3A001BD091 /* Main.storyboard in Resources */ = {isa = PBXBuildFile; fileRef = 9B453ED021CDFD3A001BD091 /* Main.storyboard */; };
		9B453ED421CDFD3B001BD091 /* Assets.xcassets in Resources */ = {isa = PBXBuildFile; fileRef = 9B453ED321CDFD3B001BD091 /* Assets.xcassets */; };
		9B453ED721CDFD3B001BD091 /* LaunchScreen.storyboard in Resources */ = {isa = PBXBuildFile; fileRef = 9B453ED521CDFD3B001BD091 /* LaunchScreen.storyboard */; };
		9B453EDF21CDFDFA001BD091 /* TodayBoard.storyboard in Resources */ = {isa = PBXBuildFile; fileRef = 9B453EDE21CDFDFA001BD091 /* TodayBoard.storyboard */; };
		9B453EE121CDFEF9001BD091 /* HomeBoard.storyboard in Resources */ = {isa = PBXBuildFile; fileRef = 9B453EE021CDFEF9001BD091 /* HomeBoard.storyboard */; };
		9B453EE521CE014B001BD091 /* PlusBoard.storyboard in Resources */ = {isa = PBXBuildFile; fileRef = 9B453EE421CE014B001BD091 /* PlusBoard.storyboard */; };
		9B453EE721CE01EA001BD091 /* ChatBoard.storyboard in Resources */ = {isa = PBXBuildFile; fileRef = 9B453EE621CE01EA001BD091 /* ChatBoard.storyboard */; };
		9B497AB821D0A4D200182C41 /* CalendarHeader.swift in Sources */ = {isa = PBXBuildFile; fileRef = 9B497AB721D0A4D200182C41 /* CalendarHeader.swift */; };
		9B6A647221D32D24004A3F5C /* CalendarAddVC.swift in Sources */ = {isa = PBXBuildFile; fileRef = 9B6A647121D32D24004A3F5C /* CalendarAddVC.swift */; };
		9B6A647421D34A34004A3F5C /* ChatVC.swift in Sources */ = {isa = PBXBuildFile; fileRef = 9B6A647321D34A34004A3F5C /* ChatVC.swift */; };
/* End PBXBuildFile section */

/* Begin PBXFileReference section */
		4D2B85FE21D4642A00268906 /* LogInViewController.swift */ = {isa = PBXFileReference; lastKnownFileType = sourcecode.swift; path = LogInViewController.swift; sourceTree = "<group>"; };
		7265A9BC1ECD072DEC31FC40 /* Pods-flower.release.xcconfig */ = {isa = PBXFileReference; includeInIndex = 1; lastKnownFileType = text.xcconfig; name = "Pods-flower.release.xcconfig"; path = "Pods/Target Support Files/Pods-flower/Pods-flower.release.xcconfig"; sourceTree = "<group>"; };
		9B096B0421D465A500442A68 /* todayBoardCell.swift */ = {isa = PBXFileReference; lastKnownFileType = sourcecode.swift; path = todayBoardCell.swift; sourceTree = "<group>"; };
		9B096B0621D465B300442A68 /* todayReadCell.swift */ = {isa = PBXFileReference; lastKnownFileType = sourcecode.swift; path = todayReadCell.swift; sourceTree = "<group>"; };
		9B096B0821D465E300442A68 /* todayWriteCell.swift */ = {isa = PBXFileReference; lastKnownFileType = sourcecode.swift; path = todayWriteCell.swift; sourceTree = "<group>"; };
		9B096B0A21D46A9C00442A68 /* todayBoardVC.swift */ = {isa = PBXFileReference; lastKnownFileType = sourcecode.swift; path = todayBoardVC.swift; sourceTree = "<group>"; };
		9B096B0D21D472BF00442A68 /* LocalDataBase.swift */ = {isa = PBXFileReference; lastKnownFileType = sourcecode.swift; path = LocalDataBase.swift; sourceTree = "<group>"; };
		9B0DE9B821CF550E0020371E /* CalendarCell.swift */ = {isa = PBXFileReference; lastKnownFileType = sourcecode.swift; path = CalendarCell.swift; sourceTree = "<group>"; };
		9B0DE9BA21CF56360020371E /* CalendarVC.swift */ = {isa = PBXFileReference; lastKnownFileType = sourcecode.swift; path = CalendarVC.swift; sourceTree = "<group>"; };
		9B1A63FC21D0DD5D003F236F /* CalendarPopVC.swift */ = {isa = PBXFileReference; lastKnownFileType = sourcecode.swift; path = CalendarPopVC.swift; sourceTree = "<group>"; };
		9B453EC921CDFD3A001BD091 /* flower.app */ = {isa = PBXFileReference; explicitFileType = wrapper.application; includeInIndex = 0; path = flower.app; sourceTree = BUILT_PRODUCTS_DIR; };
		9B453ECC21CDFD3A001BD091 /* AppDelegate.swift */ = {isa = PBXFileReference; lastKnownFileType = sourcecode.swift; path = AppDelegate.swift; sourceTree = "<group>"; };
		9B453ECE21CDFD3A001BD091 /* ViewController.swift */ = {isa = PBXFileReference; lastKnownFileType = sourcecode.swift; path = ViewController.swift; sourceTree = "<group>"; };
		9B453ED121CDFD3A001BD091 /* Base */ = {isa = PBXFileReference; lastKnownFileType = file.storyboard; name = Base; path = Base.lproj/Main.storyboard; sourceTree = "<group>"; };
		9B453ED321CDFD3B001BD091 /* Assets.xcassets */ = {isa = PBXFileReference; lastKnownFileType = folder.assetcatalog; path = Assets.xcassets; sourceTree = "<group>"; };
		9B453ED621CDFD3B001BD091 /* Base */ = {isa = PBXFileReference; lastKnownFileType = file.storyboard; name = Base; path = Base.lproj/LaunchScreen.storyboard; sourceTree = "<group>"; };
		9B453ED821CDFD3B001BD091 /* Info.plist */ = {isa = PBXFileReference; lastKnownFileType = text.plist.xml; path = Info.plist; sourceTree = "<group>"; };
		9B453EDE21CDFDFA001BD091 /* TodayBoard.storyboard */ = {isa = PBXFileReference; lastKnownFileType = file.storyboard; path = TodayBoard.storyboard; sourceTree = "<group>"; };
		9B453EE021CDFEF9001BD091 /* HomeBoard.storyboard */ = {isa = PBXFileReference; lastKnownFileType = file.storyboard; path = HomeBoard.storyboard; sourceTree = "<group>"; };
		9B453EE421CE014B001BD091 /* PlusBoard.storyboard */ = {isa = PBXFileReference; lastKnownFileType = file.storyboard; path = PlusBoard.storyboard; sourceTree = "<group>"; };
		9B453EE621CE01EA001BD091 /* ChatBoard.storyboard */ = {isa = PBXFileReference; lastKnownFileType = file.storyboard; path = ChatBoard.storyboard; sourceTree = "<group>"; };
		9B497AB721D0A4D200182C41 /* CalendarHeader.swift */ = {isa = PBXFileReference; lastKnownFileType = sourcecode.swift; path = CalendarHeader.swift; sourceTree = "<group>"; };
		9B6A647121D32D24004A3F5C /* CalendarAddVC.swift */ = {isa = PBXFileReference; lastKnownFileType = sourcecode.swift; path = CalendarAddVC.swift; sourceTree = "<group>"; };
		9B6A647321D34A34004A3F5C /* ChatVC.swift */ = {isa = PBXFileReference; lastKnownFileType = sourcecode.swift; path = ChatVC.swift; sourceTree = "<group>"; };
		A7F151B357CC25EDA7E8439B /* Pods-flower.debug.xcconfig */ = {isa = PBXFileReference; includeInIndex = 1; lastKnownFileType = text.xcconfig; name = "Pods-flower.debug.xcconfig"; path = "Pods/Target Support Files/Pods-flower/Pods-flower.debug.xcconfig"; sourceTree = "<group>"; };
		C3C22FFB8DE217378F6EC2AB /* Pods_flower.framework */ = {isa = PBXFileReference; explicitFileType = wrapper.framework; includeInIndex = 0; path = Pods_flower.framework; sourceTree = BUILT_PRODUCTS_DIR; };
/* End PBXFileReference section */

/* Begin PBXFrameworksBuildPhase section */
		9B453EC621CDFD3A001BD091 /* Frameworks */ = {
			isa = PBXFrameworksBuildPhase;
			buildActionMask = 2147483647;
			files = (
				9A6843FEAA7FD0E45E736445 /* Pods_flower.framework in Frameworks */,
			);
			runOnlyForDeploymentPostprocessing = 0;
		};
/* End PBXFrameworksBuildPhase section */

/* Begin PBXGroup section */
		5051EC7CCC47564930DC468A /* Pods */ = {
			isa = PBXGroup;
			children = (
				A7F151B357CC25EDA7E8439B /* Pods-flower.debug.xcconfig */,
				7265A9BC1ECD072DEC31FC40 /* Pods-flower.release.xcconfig */,
			);
			name = Pods;
			sourceTree = "<group>";
		};
		9B096B0C21D472AF00442A68 /* Model */ = {
			isa = PBXGroup;
			children = (
				9B096B0D21D472BF00442A68 /* LocalDataBase.swift */,
			);
			path = Model;
			sourceTree = "<group>";
		};
		9B44BEDF21CF33DE00EB5C17 /* Main */ = {
			isa = PBXGroup;
			children = (
				9B453ED021CDFD3A001BD091 /* Main.storyboard */,
				4D2B85FE21D4642A00268906 /* LogInViewController.swift */,
			);
			path = Main;
			sourceTree = "<group>";
		};
		9B44BEE021CF33EA00EB5C17 /* Plus */ = {
			isa = PBXGroup;
			children = (
				9B453EE421CE014B001BD091 /* PlusBoard.storyboard */,
			);
			path = Plus;
			sourceTree = "<group>";
		};
		9B44BEE121CF33F700EB5C17 /* Home */ = {
			isa = PBXGroup;
			children = (
				9B453EE021CDFEF9001BD091 /* HomeBoard.storyboard */,
				9B0DE9B821CF550E0020371E /* CalendarCell.swift */,
				9B0DE9BA21CF56360020371E /* CalendarVC.swift */,
				9B497AB721D0A4D200182C41 /* CalendarHeader.swift */,
				9B1A63FC21D0DD5D003F236F /* CalendarPopVC.swift */,
				9B6A647121D32D24004A3F5C /* CalendarAddVC.swift */,
			);
			path = Home;
			sourceTree = "<group>";
		};
		9B44BEE221CF33FF00EB5C17 /* Chat */ = {
			isa = PBXGroup;
			children = (
				9B453EE621CE01EA001BD091 /* ChatBoard.storyboard */,
				9B6A647321D34A34004A3F5C /* ChatVC.swift */,
			);
			path = Chat;
			sourceTree = "<group>";
		};
		9B44BEE321CF341300EB5C17 /* Today */ = {
			isa = PBXGroup;
			children = (
				9B453EDE21CDFDFA001BD091 /* TodayBoard.storyboard */,
				9B096B0421D465A500442A68 /* todayBoardCell.swift */,
				9B096B0621D465B300442A68 /* todayReadCell.swift */,
				9B096B0821D465E300442A68 /* todayWriteCell.swift */,
				9B096B0A21D46A9C00442A68 /* todayBoardVC.swift */,
			);
			path = Today;
			sourceTree = "<group>";
		};
		9B453EC021CDFD3A001BD091 = {
			isa = PBXGroup;
			children = (
				9B453ECB21CDFD3A001BD091 /* flower */,
				9B453ECA21CDFD3A001BD091 /* Products */,
				5051EC7CCC47564930DC468A /* Pods */,
				D424E8BE87916A6ED0ACE731 /* Frameworks */,
			);
			sourceTree = "<group>";
		};
		9B453ECA21CDFD3A001BD091 /* Products */ = {
			isa = PBXGroup;
			children = (
				9B453EC921CDFD3A001BD091 /* flower.app */,
			);
			name = Products;
			sourceTree = "<group>";
		};
		9B453ECB21CDFD3A001BD091 /* flower */ = {
			isa = PBXGroup;
			children = (
				9B096B0C21D472AF00442A68 /* Model */,
				9B44BEE321CF341300EB5C17 /* Today */,
				9B44BEE221CF33FF00EB5C17 /* Chat */,
				9B44BEE121CF33F700EB5C17 /* Home */,
				9B44BEE021CF33EA00EB5C17 /* Plus */,
				9B44BEDF21CF33DE00EB5C17 /* Main */,
				9B453EE921CE1839001BD091 /* ViewController */,
				9B453ECC21CDFD3A001BD091 /* AppDelegate.swift */,
				9B453ED321CDFD3B001BD091 /* Assets.xcassets */,
				9B453ED521CDFD3B001BD091 /* LaunchScreen.storyboard */,
				9B453ED821CDFD3B001BD091 /* Info.plist */,
			);
			path = flower;
			sourceTree = "<group>";
		};
		9B453EE921CE1839001BD091 /* ViewController */ = {
			isa = PBXGroup;
			children = (
				9B453ECE21CDFD3A001BD091 /* ViewController.swift */,
			);
			path = ViewController;
			sourceTree = "<group>";
		};
		D424E8BE87916A6ED0ACE731 /* Frameworks */ = {
			isa = PBXGroup;
			children = (
				C3C22FFB8DE217378F6EC2AB /* Pods_flower.framework */,
			);
			name = Frameworks;
			sourceTree = "<group>";
		};
/* End PBXGroup section */

/* Begin PBXNativeTarget section */
		9B453EC821CDFD3A001BD091 /* flower */ = {
			isa = PBXNativeTarget;
			buildConfigurationList = 9B453EDB21CDFD3B001BD091 /* Build configuration list for PBXNativeTarget "flower" */;
			buildPhases = (
				511347DA796AA2C3A39A45C4 /* [CP] Check Pods Manifest.lock */,
				9B453EC521CDFD3A001BD091 /* Sources */,
				9B453EC621CDFD3A001BD091 /* Frameworks */,
				9B453EC721CDFD3A001BD091 /* Resources */,
				251004029BEB48E40A2F94DF /* [CP] Embed Pods Frameworks */,
			);
			buildRules = (
			);
			dependencies = (
			);
			name = flower;
			productName = flower;
			productReference = 9B453EC921CDFD3A001BD091 /* flower.app */;
			productType = "com.apple.product-type.application";
		};
/* End PBXNativeTarget section */

/* Begin PBXProject section */
		9B453EC121CDFD3A001BD091 /* Project object */ = {
			isa = PBXProject;
			attributes = {
				LastSwiftUpdateCheck = 1010;
				LastUpgradeCheck = 1010;
				ORGANIZATIONNAME = "성다연";
				TargetAttributes = {
					9B453EC821CDFD3A001BD091 = {
						CreatedOnToolsVersion = 10.1;
					};
				};
			};
			buildConfigurationList = 9B453EC421CDFD3A001BD091 /* Build configuration list for PBXProject "flower" */;
			compatibilityVersion = "Xcode 9.3";
			developmentRegion = en;
			hasScannedForEncodings = 0;
			knownRegions = (
				en,
				Base,
			);
			mainGroup = 9B453EC021CDFD3A001BD091;
			productRefGroup = 9B453ECA21CDFD3A001BD091 /* Products */;
			projectDirPath = "";
			projectRoot = "";
			targets = (
				9B453EC821CDFD3A001BD091 /* flower */,
			);
		};
/* End PBXProject section */

/* Begin PBXResourcesBuildPhase section */
		9B453EC721CDFD3A001BD091 /* Resources */ = {
			isa = PBXResourcesBuildPhase;
			buildActionMask = 2147483647;
			files = (
				9B453ED721CDFD3B001BD091 /* LaunchScreen.storyboard in Resources */,
				9B453EDF21CDFDFA001BD091 /* TodayBoard.storyboard in Resources */,
				9B453ED421CDFD3B001BD091 /* Assets.xcassets in Resources */,
				9B453EE721CE01EA001BD091 /* ChatBoard.storyboard in Resources */,
				9B453ED221CDFD3A001BD091 /* Main.storyboard in Resources */,
				9B453EE121CDFEF9001BD091 /* HomeBoard.storyboard in Resources */,
				9B453EE521CE014B001BD091 /* PlusBoard.storyboard in Resources */,
			);
			runOnlyForDeploymentPostprocessing = 0;
		};
/* End PBXResourcesBuildPhase section */

/* Begin PBXShellScriptBuildPhase section */
		251004029BEB48E40A2F94DF /* [CP] Embed Pods Frameworks */ = {
			isa = PBXShellScriptBuildPhase;
			buildActionMask = 2147483647;
			files = (
			);
			inputFileListPaths = (
			);
			inputPaths = (
				"${SRCROOT}/Pods/Target Support Files/Pods-flower/Pods-flower-frameworks.sh",
				"${BUILT_PRODUCTS_DIR}/JTAppleCalendar/JTAppleCalendar.framework",
				"${BUILT_PRODUCTS_DIR}/SwiftyJSON/SwiftyJSON.framework",
			);
			name = "[CP] Embed Pods Frameworks";
			outputFileListPaths = (
			);
			outputPaths = (
				"${TARGET_BUILD_DIR}/${FRAMEWORKS_FOLDER_PATH}/JTAppleCalendar.framework",
				"${TARGET_BUILD_DIR}/${FRAMEWORKS_FOLDER_PATH}/SwiftyJSON.framework",
			);
			runOnlyForDeploymentPostprocessing = 0;
			shellPath = /bin/sh;
			shellScript = "\"${SRCROOT}/Pods/Target Support Files/Pods-flower/Pods-flower-frameworks.sh\"\n";
			showEnvVarsInLog = 0;
		};
		511347DA796AA2C3A39A45C4 /* [CP] Check Pods Manifest.lock */ = {
			isa = PBXShellScriptBuildPhase;
			buildActionMask = 2147483647;
			files = (
			);
			inputFileListPaths = (
			);
			inputPaths = (
				"${PODS_PODFILE_DIR_PATH}/Podfile.lock",
				"${PODS_ROOT}/Manifest.lock",
			);
			name = "[CP] Check Pods Manifest.lock";
			outputFileListPaths = (
			);
			outputPaths = (
				"$(DERIVED_FILE_DIR)/Pods-flower-checkManifestLockResult.txt",
			);
			runOnlyForDeploymentPostprocessing = 0;
			shellPath = /bin/sh;
			shellScript = "diff \"${PODS_PODFILE_DIR_PATH}/Podfile.lock\" \"${PODS_ROOT}/Manifest.lock\" > /dev/null\nif [ $? != 0 ] ; then\n    # print error to STDERR\n    echo \"error: The sandbox is not in sync with the Podfile.lock. Run 'pod install' or update your CocoaPods installation.\" >&2\n    exit 1\nfi\n# This output is used by Xcode 'outputs' to avoid re-running this script phase.\necho \"SUCCESS\" > \"${SCRIPT_OUTPUT_FILE_0}\"\n";
			showEnvVarsInLog = 0;
		};
/* End PBXShellScriptBuildPhase section */

/* Begin PBXSourcesBuildPhase section */
		9B453EC521CDFD3A001BD091 /* Sources */ = {
			isa = PBXSourcesBuildPhase;
			buildActionMask = 2147483647;
			files = (
				9B096B0921D465E300442A68 /* todayWriteCell.swift in Sources */,
				9B6A647421D34A34004A3F5C /* ChatVC.swift in Sources */,
				9B096B0E21D472BF00442A68 /* LocalDataBase.swift in Sources */,
				9B096B0721D465B300442A68 /* todayReadCell.swift in Sources */,
				9B1A63FD21D0DD5D003F236F /* CalendarPopVC.swift in Sources */,
				4D2B85FF21D4642A00268906 /* LogInViewController.swift in Sources */,
				9B6A647221D32D24004A3F5C /* CalendarAddVC.swift in Sources */,
				9B453ECF21CDFD3A001BD091 /* ViewController.swift in Sources */,
				9B453ECD21CDFD3A001BD091 /* AppDelegate.swift in Sources */,
				9B0DE9BB21CF56360020371E /* CalendarVC.swift in Sources */,
				9B0DE9B921CF550E0020371E /* CalendarCell.swift in Sources */,
				9B096B0521D465A500442A68 /* todayBoardCell.swift in Sources */,
				9B497AB821D0A4D200182C41 /* CalendarHeader.swift in Sources */,
				9B096B0B21D46A9C00442A68 /* todayBoardVC.swift in Sources */,
			);
			runOnlyForDeploymentPostprocessing = 0;
		};
/* End PBXSourcesBuildPhase section */

/* Begin PBXVariantGroup section */
		9B453ED021CDFD3A001BD091 /* Main.storyboard */ = {
			isa = PBXVariantGroup;
			children = (
				9B453ED121CDFD3A001BD091 /* Base */,
			);
			name = Main.storyboard;
			sourceTree = "<group>";
		};
		9B453ED521CDFD3B001BD091 /* LaunchScreen.storyboard */ = {
			isa = PBXVariantGroup;
			children = (
				9B453ED621CDFD3B001BD091 /* Base */,
			);
			name = LaunchScreen.storyboard;
			sourceTree = "<group>";
		};
/* End PBXVariantGroup section */

/* Begin XCBuildConfiguration section */
		9B453ED921CDFD3B001BD091 /* Debug */ = {
			isa = XCBuildConfiguration;
			buildSettings = {
				ALWAYS_SEARCH_USER_PATHS = NO;
				CLANG_ANALYZER_NONNULL = YES;
				CLANG_ANALYZER_NUMBER_OBJECT_CONVERSION = YES_AGGRESSIVE;
				CLANG_CXX_LANGUAGE_STANDARD = "gnu++14";
				CLANG_CXX_LIBRARY = "libc++";
				CLANG_ENABLE_MODULES = YES;
				CLANG_ENABLE_OBJC_ARC = YES;
				CLANG_ENABLE_OBJC_WEAK = YES;
				CLANG_WARN_BLOCK_CAPTURE_AUTORELEASING = YES;
				CLANG_WARN_BOOL_CONVERSION = YES;
				CLANG_WARN_COMMA = YES;
				CLANG_WARN_CONSTANT_CONVERSION = YES;
				CLANG_WARN_DEPRECATED_OBJC_IMPLEMENTATIONS = YES;
				CLANG_WARN_DIRECT_OBJC_ISA_USAGE = YES_ERROR;
				CLANG_WARN_DOCUMENTATION_COMMENTS = YES;
				CLANG_WARN_EMPTY_BODY = YES;
				CLANG_WARN_ENUM_CONVERSION = YES;
				CLANG_WARN_INFINITE_RECURSION = YES;
				CLANG_WARN_INT_CONVERSION = YES;
				CLANG_WARN_NON_LITERAL_NULL_CONVERSION = YES;
				CLANG_WARN_OBJC_IMPLICIT_RETAIN_SELF = YES;
				CLANG_WARN_OBJC_LITERAL_CONVERSION = YES;
				CLANG_WARN_OBJC_ROOT_CLASS = YES_ERROR;
				CLANG_WARN_RANGE_LOOP_ANALYSIS = YES;
				CLANG_WARN_STRICT_PROTOTYPES = YES;
				CLANG_WARN_SUSPICIOUS_MOVE = YES;
				CLANG_WARN_UNGUARDED_AVAILABILITY = YES_AGGRESSIVE;
				CLANG_WARN_UNREACHABLE_CODE = YES;
				CLANG_WARN__DUPLICATE_METHOD_MATCH = YES;
				CODE_SIGN_IDENTITY = "iPhone Developer";
				COPY_PHASE_STRIP = NO;
				DEBUG_INFORMATION_FORMAT = dwarf;
				ENABLE_STRICT_OBJC_MSGSEND = YES;
				ENABLE_TESTABILITY = YES;
				GCC_C_LANGUAGE_STANDARD = gnu11;
				GCC_DYNAMIC_NO_PIC = NO;
				GCC_NO_COMMON_BLOCKS = YES;
				GCC_OPTIMIZATION_LEVEL = 0;
				GCC_PREPROCESSOR_DEFINITIONS = (
					"DEBUG=1",
					"$(inherited)",
				);
				GCC_WARN_64_TO_32_BIT_CONVERSION = YES;
				GCC_WARN_ABOUT_RETURN_TYPE = YES_ERROR;
				GCC_WARN_UNDECLARED_SELECTOR = YES;
				GCC_WARN_UNINITIALIZED_AUTOS = YES_AGGRESSIVE;
				GCC_WARN_UNUSED_FUNCTION = YES;
				GCC_WARN_UNUSED_VARIABLE = YES;
				IPHONEOS_DEPLOYMENT_TARGET = 12.1;
				MTL_ENABLE_DEBUG_INFO = INCLUDE_SOURCE;
				MTL_FAST_MATH = YES;
				ONLY_ACTIVE_ARCH = YES;
				SDKROOT = iphoneos;
				SWIFT_ACTIVE_COMPILATION_CONDITIONS = DEBUG;
				SWIFT_OPTIMIZATION_LEVEL = "-Onone";
			};
			name = Debug;
		};
		9B453EDA21CDFD3B001BD091 /* Release */ = {
			isa = XCBuildConfiguration;
			buildSettings = {
				ALWAYS_SEARCH_USER_PATHS = NO;
				CLANG_ANALYZER_NONNULL = YES;
				CLANG_ANALYZER_NUMBER_OBJECT_CONVERSION = YES_AGGRESSIVE;
				CLANG_CXX_LANGUAGE_STANDARD = "gnu++14";
				CLANG_CXX_LIBRARY = "libc++";
				CLANG_ENABLE_MODULES = YES;
				CLANG_ENABLE_OBJC_ARC = YES;
				CLANG_ENABLE_OBJC_WEAK = YES;
				CLANG_WARN_BLOCK_CAPTURE_AUTORELEASING = YES;
				CLANG_WARN_BOOL_CONVERSION = YES;
				CLANG_WARN_COMMA = YES;
				CLANG_WARN_CONSTANT_CONVERSION = YES;
				CLANG_WARN_DEPRECATED_OBJC_IMPLEMENTATIONS = YES;
				CLANG_WARN_DIRECT_OBJC_ISA_USAGE = YES_ERROR;
				CLANG_WARN_DOCUMENTATION_COMMENTS = YES;
				CLANG_WARN_EMPTY_BODY = YES;
				CLANG_WARN_ENUM_CONVERSION = YES;
				CLANG_WARN_INFINITE_RECURSION = YES;
				CLANG_WARN_INT_CONVERSION = YES;
				CLANG_WARN_NON_LITERAL_NULL_CONVERSION = YES;
				CLANG_WARN_OBJC_IMPLICIT_RETAIN_SELF = YES;
				CLANG_WARN_OBJC_LITERAL_CONVERSION = YES;
				CLANG_WARN_OBJC_ROOT_CLASS = YES_ERROR;
				CLANG_WARN_RANGE_LOOP_ANALYSIS = YES;
				CLANG_WARN_STRICT_PROTOTYPES = YES;
				CLANG_WARN_SUSPICIOUS_MOVE = YES;
				CLANG_WARN_UNGUARDED_AVAILABILITY = YES_AGGRESSIVE;
				CLANG_WARN_UNREACHABLE_CODE = YES;
				CLANG_WARN__DUPLICATE_METHOD_MATCH = YES;
				CODE_SIGN_IDENTITY = "iPhone Developer";
				COPY_PHASE_STRIP = NO;
				DEBUG_INFORMATION_FORMAT = "dwarf-with-dsym";
				ENABLE_NS_ASSERTIONS = NO;
				ENABLE_STRICT_OBJC_MSGSEND = YES;
				GCC_C_LANGUAGE_STANDARD = gnu11;
				GCC_NO_COMMON_BLOCKS = YES;
				GCC_WARN_64_TO_32_BIT_CONVERSION = YES;
				GCC_WARN_ABOUT_RETURN_TYPE = YES_ERROR;
				GCC_WARN_UNDECLARED_SELECTOR = YES;
				GCC_WARN_UNINITIALIZED_AUTOS = YES_AGGRESSIVE;
				GCC_WARN_UNUSED_FUNCTION = YES;
				GCC_WARN_UNUSED_VARIABLE = YES;
				IPHONEOS_DEPLOYMENT_TARGET = 12.1;
				MTL_ENABLE_DEBUG_INFO = NO;
				MTL_FAST_MATH = YES;
				SDKROOT = iphoneos;
				SWIFT_COMPILATION_MODE = wholemodule;
				SWIFT_OPTIMIZATION_LEVEL = "-O";
				VALIDATE_PRODUCT = YES;
			};
			name = Release;
		};
		9B453EDC21CDFD3B001BD091 /* Debug */ = {
			isa = XCBuildConfiguration;
			baseConfigurationReference = A7F151B357CC25EDA7E8439B /* Pods-flower.debug.xcconfig */;
			buildSettings = {
				ASSETCATALOG_COMPILER_APPICON_NAME = AppIcon;
				CODE_SIGN_STYLE = Automatic;
				INFOPLIST_FILE = flower/Info.plist;
				LD_RUNPATH_SEARCH_PATHS = (
					"$(inherited)",
					"@executable_path/Frameworks",
				);
				PRODUCT_BUNDLE_IDENTIFIER = semina6.flower;
				PRODUCT_NAME = "$(TARGET_NAME)";
				SWIFT_VERSION = 4.2;
				TARGETED_DEVICE_FAMILY = "1,2";
			};
			name = Debug;
		};
		9B453EDD21CDFD3B001BD091 /* Release */ = {
			isa = XCBuildConfiguration;
			baseConfigurationReference = 7265A9BC1ECD072DEC31FC40 /* Pods-flower.release.xcconfig */;
			buildSettings = {
				ASSETCATALOG_COMPILER_APPICON_NAME = AppIcon;
				CODE_SIGN_STYLE = Automatic;
				INFOPLIST_FILE = flower/Info.plist;
				LD_RUNPATH_SEARCH_PATHS = (
					"$(inherited)",
					"@executable_path/Frameworks",
				);
				PRODUCT_BUNDLE_IDENTIFIER = semina6.flower;
				PRODUCT_NAME = "$(TARGET_NAME)";
				SWIFT_VERSION = 4.2;
				TARGETED_DEVICE_FAMILY = "1,2";
			};
			name = Release;
		};
/* End XCBuildConfiguration section */

/* Begin XCConfigurationList section */
		9B453EC421CDFD3A001BD091 /* Build configuration list for PBXProject "flower" */ = {
			isa = XCConfigurationList;
			buildConfigurations = (
				9B453ED921CDFD3B001BD091 /* Debug */,
				9B453EDA21CDFD3B001BD091 /* Release */,
			);
			defaultConfigurationIsVisible = 0;
			defaultConfigurationName = Release;
		};
		9B453EDB21CDFD3B001BD091 /* Build configuration list for PBXNativeTarget "flower" */ = {
			isa = XCConfigurationList;
			buildConfigurations = (
				9B453EDC21CDFD3B001BD091 /* Debug */,
				9B453EDD21CDFD3B001BD091 /* Release */,
			);
			defaultConfigurationIsVisible = 0;
			defaultConfigurationName = Release;
		};
/* End XCConfigurationList section */
	};
	rootObject = 9B453EC121CDFD3A001BD091 /* Project object */;
}
